
Microsoft Visual Studio Solution File, Format Version 12.00
# Visual Studio Version 16
VisualStudioVersion = 16.0.31624.102
MinimumVisualStudioVersion = 10.0.40219.1
Project("{FAE04EC0-301F-11D3-BF4B-00C04F79EFBC}") = "ORMainProgrm", "ORMainProgrm\ORMainProgrm.csproj", "{6FA93207-D494-49E1-BBAB-E77EC96FD781}"
EndProject
Project("{FAE04EC0-301F-11D3-BF4B-00C04F79EFBC}") = "Launcher", "Launcher\Launcher.csproj", "{BE571299-AB6C-4114-9EBF-80CCD887878E}"
EndProject
Project("{FAE04EC0-301F-11D3-BF4B-00C04F79EFBC}") = "ORNP.Common", "ORNP.Common\ORNP.Common.csproj", "{2399A3F7-12D2-4A52-B061-FFA685DEC9EC}"
EndProject
Project("{FAE04EC0-301F-11D3-BF4B-00C04F79EFBC}") = "ORNP.IO", "ORNP.IO\ORNP.IO.csproj", "{732F471E-D33F-4B03-9C5A-AA6C491D6995}"
EndProject
Project("{FAE04EC0-301F-11D3-BF4B-00C04F79EFBC}") = "Ornp.Parsers.Msts", "Ornp.Parsers.Msts\Ornp.Parsers.Msts.csproj", "{D0B9E656-04B4-4B1B-948C-0694CB39BEBD}"
EndProject
Project("{FAE04EC0-301F-11D3-BF4B-00C04F79EFBC}") = "Ornp.Parsers.OR", "Ornp.Parsers.OR\Ornp.Parsers.OR.csproj", "{80340706-3EAC-485B-9F8C-C0467193519E}"
EndProject
Project("{FAE04EC0-301F-11D3-BF4B-00C04F79EFBC}") = "Ornp.Formats.Msts", "Orts.Formats.Msts\Ornp.Formats.Msts.csproj", "{D9E866D4-6F3D-41C3-8A76-45375D8EC703}"
EndProject
Project("{FAE04EC0-301F-11D3-BF4B-00C04F79EFBC}") = "Ornp.Formats.OR", "Orts.Formats.OR\Ornp.Formats.OR.csproj", "{ED309D60-55AE-4C4F-8DA4-FA9874CFBF46}"
EndProject
Project("{FAE04EC0-301F-11D3-BF4B-00C04F79EFBC}") = "ORNP.Settings", "ORTS.Settings\ORNP.Settings.csproj", "{8062DCBD-1AB1-4A18-B9CF-B074C383BAE4}"
EndProject
Global
	GlobalSection(SolutionConfigurationPlatforms) = preSolution
		Debug|Any CPU = Debug|Any CPU
		Debug|ARM = Debug|ARM
		Debug|ARM64 = Debug|ARM64
		Debug|x64 = Debug|x64
		Debug|x86 = Debug|x86
		Release|Any CPU = Release|Any CPU
		Release|ARM = Release|ARM
		Release|ARM64 = Release|ARM64
		Release|x64 = Release|x64
		Release|x86 = Release|x86
	EndGlobalSection
	GlobalSection(ProjectConfigurationPlatforms) = postSolution
		{6FA93207-D494-49E1-BBAB-E77EC96FD781}.Debug|Any CPU.ActiveCfg = Debug|x86
		{6FA93207-D494-49E1-BBAB-E77EC96FD781}.Debug|ARM.ActiveCfg = Debug|ARM
		{6FA93207-D494-49E1-BBAB-E77EC96FD781}.Debug|ARM.Build.0 = Debug|ARM
		{6FA93207-D494-49E1-BBAB-E77EC96FD781}.Debug|ARM.Deploy.0 = Debug|ARM
		{6FA93207-D494-49E1-BBAB-E77EC96FD781}.Debug|ARM64.ActiveCfg = Debug|ARM64
		{6FA93207-D494-49E1-BBAB-E77EC96FD781}.Debug|ARM64.Build.0 = Debug|ARM64
		{6FA93207-D494-49E1-BBAB-E77EC96FD781}.Debug|ARM64.Deploy.0 = Debug|ARM64
		{6FA93207-D494-49E1-BBAB-E77EC96FD781}.Debug|x64.ActiveCfg = Debug|x64
		{6FA93207-D494-49E1-BBAB-E77EC96FD781}.Debug|x64.Build.0 = Debug|x64
		{6FA93207-D494-49E1-BBAB-E77EC96FD781}.Debug|x64.Deploy.0 = Debug|x64
		{6FA93207-D494-49E1-BBAB-E77EC96FD781}.Debug|x86.ActiveCfg = Debug|x86
		{6FA93207-D494-49E1-BBAB-E77EC96FD781}.Debug|x86.Build.0 = Debug|x86
		{6FA93207-D494-49E1-BBAB-E77EC96FD781}.Debug|x86.Deploy.0 = Debug|x86
		{6FA93207-D494-49E1-BBAB-E77EC96FD781}.Release|Any CPU.ActiveCfg = Release|x86
		{6FA93207-D494-49E1-BBAB-E77EC96FD781}.Release|ARM.ActiveCfg = Release|ARM
		{6FA93207-D494-49E1-BBAB-E77EC96FD781}.Release|ARM.Build.0 = Release|ARM
		{6FA93207-D494-49E1-BBAB-E77EC96FD781}.Release|ARM.Deploy.0 = Release|ARM
		{6FA93207-D494-49E1-BBAB-E77EC96FD781}.Release|ARM64.ActiveCfg = Release|ARM64
		{6FA93207-D494-49E1-BBAB-E77EC96FD781}.Release|ARM64.Build.0 = Release|ARM64
		{6FA93207-D494-49E1-BBAB-E77EC96FD781}.Release|ARM64.Deploy.0 = Release|ARM64
		{6FA93207-D494-49E1-BBAB-E77EC96FD781}.Release|x64.ActiveCfg = Release|x64
		{6FA93207-D494-49E1-BBAB-E77EC96FD781}.Release|x64.Build.0 = Release|x64
		{6FA93207-D494-49E1-BBAB-E77EC96FD781}.Release|x64.Deploy.0 = Release|x64
		{6FA93207-D494-49E1-BBAB-E77EC96FD781}.Release|x86.ActiveCfg = Release|x86
		{6FA93207-D494-49E1-BBAB-E77EC96FD781}.Release|x86.Build.0 = Release|x86
		{6FA93207-D494-49E1-BBAB-E77EC96FD781}.Release|x86.Deploy.0 = Release|x86
		{BE571299-AB6C-4114-9EBF-80CCD887878E}.Debug|Any CPU.ActiveCfg = Debug|x86
		{BE571299-AB6C-4114-9EBF-80CCD887878E}.Debug|ARM.ActiveCfg = Debug|ARM
		{BE571299-AB6C-4114-9EBF-80CCD887878E}.Debug|ARM.Build.0 = Debug|ARM
		{BE571299-AB6C-4114-9EBF-80CCD887878E}.Debug|ARM.Deploy.0 = Debug|ARM
		{BE571299-AB6C-4114-9EBF-80CCD887878E}.Debug|ARM64.ActiveCfg = Debug|ARM64
		{BE571299-AB6C-4114-9EBF-80CCD887878E}.Debug|ARM64.Build.0 = Debug|ARM64
		{BE571299-AB6C-4114-9EBF-80CCD887878E}.Debug|ARM64.Deploy.0 = Debug|ARM64
		{BE571299-AB6C-4114-9EBF-80CCD887878E}.Debug|x64.ActiveCfg = Debug|x64
		{BE571299-AB6C-4114-9EBF-80CCD887878E}.Debug|x64.Build.0 = Debug|x64
		{BE571299-AB6C-4114-9EBF-80CCD887878E}.Debug|x64.Deploy.0 = Debug|x64
		{BE571299-AB6C-4114-9EBF-80CCD887878E}.Debug|x86.ActiveCfg = Debug|x86
		{BE571299-AB6C-4114-9EBF-80CCD887878E}.Debug|x86.Build.0 = Debug|x86
		{BE571299-AB6C-4114-9EBF-80CCD887878E}.Debug|x86.Deploy.0 = Debug|x86
		{BE571299-AB6C-4114-9EBF-80CCD887878E}.Release|Any CPU.ActiveCfg = Release|x86
		{BE571299-AB6C-4114-9EBF-80CCD887878E}.Release|ARM.ActiveCfg = Release|ARM
		{BE571299-AB6C-4114-9EBF-80CCD887878E}.Release|ARM.Build.0 = Release|ARM
		{BE571299-AB6C-4114-9EBF-80CCD887878E}.Release|ARM.Deploy.0 = Release|ARM
		{BE571299-AB6C-4114-9EBF-80CCD887878E}.Release|ARM64.ActiveCfg = Release|ARM64
		{BE571299-AB6C-4114-9EBF-80CCD887878E}.Release|ARM64.Build.0 = Release|ARM64
		{BE571299-AB6C-4114-9EBF-80CCD887878E}.Release|ARM64.Deploy.0 = Release|ARM64
		{BE571299-AB6C-4114-9EBF-80CCD887878E}.Release|x64.ActiveCfg = Release|x64
		{BE571299-AB6C-4114-9EBF-80CCD887878E}.Release|x64.Build.0 = Release|x64
		{BE571299-AB6C-4114-9EBF-80CCD887878E}.Release|x64.Deploy.0 = Release|x64
		{BE571299-AB6C-4114-9EBF-80CCD887878E}.Release|x86.ActiveCfg = Release|x86
		{BE571299-AB6C-4114-9EBF-80CCD887878E}.Release|x86.Build.0 = Release|x86
		{BE571299-AB6C-4114-9EBF-80CCD887878E}.Release|x86.Deploy.0 = Release|x86
		{2399A3F7-12D2-4A52-B061-FFA685DEC9EC}.Debug|Any CPU.ActiveCfg = Debug|Any CPU
		{2399A3F7-12D2-4A52-B061-FFA685DEC9EC}.Debug|Any CPU.Build.0 = Debug|Any CPU
		{2399A3F7-12D2-4A52-B061-FFA685DEC9EC}.Debug|ARM.ActiveCfg = Debug|ARM
		{2399A3F7-12D2-4A52-B061-FFA685DEC9EC}.Debug|ARM.Build.0 = Debug|ARM
		{2399A3F7-12D2-4A52-B061-FFA685DEC9EC}.Debug|ARM64.ActiveCfg = Debug|ARM64
		{2399A3F7-12D2-4A52-B061-FFA685DEC9EC}.Debug|ARM64.Build.0 = Debug|ARM64
		{2399A3F7-12D2-4A52-B061-FFA685DEC9EC}.Debug|x64.ActiveCfg = Debug|x64
		{2399A3F7-12D2-4A52-B061-FFA685DEC9EC}.Debug|x64.Build.0 = Debug|x64
		{2399A3F7-12D2-4A52-B061-FFA685DEC9EC}.Debug|x86.ActiveCfg = Debug|x86
		{2399A3F7-12D2-4A52-B061-FFA685DEC9EC}.Debug|x86.Build.0 = Debug|x86
		{2399A3F7-12D2-4A52-B061-FFA685DEC9EC}.Release|Any CPU.ActiveCfg = Release|Any CPU
		{2399A3F7-12D2-4A52-B061-FFA685DEC9EC}.Release|Any CPU.Build.0 = Release|Any CPU
		{2399A3F7-12D2-4A52-B061-FFA685DEC9EC}.Release|ARM.ActiveCfg = Release|ARM
		{2399A3F7-12D2-4A52-B061-FFA685DEC9EC}.Release|ARM.Build.0 = Release|ARM
		{2399A3F7-12D2-4A52-B061-FFA685DEC9EC}.Release|ARM64.ActiveCfg = Release|ARM64
		{2399A3F7-12D2-4A52-B061-FFA685DEC9EC}.Release|ARM64.Build.0 = Release|ARM64
		{2399A3F7-12D2-4A52-B061-FFA685DEC9EC}.Release|x64.ActiveCfg = Release|x64
		{2399A3F7-12D2-4A52-B061-FFA685DEC9EC}.Release|x64.Build.0 = Release|x64
		{2399A3F7-12D2-4A52-B061-FFA685DEC9EC}.Release|x86.ActiveCfg = Release|x86
		{2399A3F7-12D2-4A52-B061-FFA685DEC9EC}.Release|x86.Build.0 = Release|x86
		{732F471E-D33F-4B03-9C5A-AA6C491D6995}.Debug|Any CPU.ActiveCfg = Debug|Any CPU
		{732F471E-D33F-4B03-9C5A-AA6C491D6995}.Debug|Any CPU.Build.0 = Debug|Any CPU
		{732F471E-D33F-4B03-9C5A-AA6C491D6995}.Debug|ARM.ActiveCfg = Debug|ARM
		{732F471E-D33F-4B03-9C5A-AA6C491D6995}.Debug|ARM.Build.0 = Debug|ARM
		{732F471E-D33F-4B03-9C5A-AA6C491D6995}.Debug|ARM64.ActiveCfg = Debug|ARM64
		{732F471E-D33F-4B03-9C5A-AA6C491D6995}.Debug|ARM64.Build.0 = Debug|ARM64
		{732F471E-D33F-4B03-9C5A-AA6C491D6995}.Debug|x64.ActiveCfg = Debug|x64
		{732F471E-D33F-4B03-9C5A-AA6C491D6995}.Debug|x64.Build.0 = Debug|x64
		{732F471E-D33F-4B03-9C5A-AA6C491D6995}.Debug|x86.ActiveCfg = Debug|x86
		{732F471E-D33F-4B03-9C5A-AA6C491D6995}.Debug|x86.Build.0 = Debug|x86
		{732F471E-D33F-4B03-9C5A-AA6C491D6995}.Release|Any CPU.ActiveCfg = Release|Any CPU
		{732F471E-D33F-4B03-9C5A-AA6C491D6995}.Release|Any CPU.Build.0 = Release|Any CPU
		{732F471E-D33F-4B03-9C5A-AA6C491D6995}.Release|ARM.ActiveCfg = Release|ARM
		{732F471E-D33F-4B03-9C5A-AA6C491D6995}.Release|ARM.Build.0 = Release|ARM
		{732F471E-D33F-4B03-9C5A-AA6C491D6995}.Release|ARM64.ActiveCfg = Release|ARM64
		{732F471E-D33F-4B03-9C5A-AA6C491D6995}.Release|ARM64.Build.0 = Release|ARM64
		{732F471E-D33F-4B03-9C5A-AA6C491D6995}.Release|x64.ActiveCfg = Release|x64
		{732F471E-D33F-4B03-9C5A-AA6C491D6995}.Release|x64.Build.0 = Release|x64
		{732F471E-D33F-4B03-9C5A-AA6C491D6995}.Release|x86.ActiveCfg = Release|x86
		{732F471E-D33F-4B03-9C5A-AA6C491D6995}.Release|x86.Build.0 = Release|x86
		{D0B9E656-04B4-4B1B-948C-0694CB39BEBD}.Debug|Any CPU.ActiveCfg = Debug|Any CPU
		{D0B9E656-04B4-4B1B-948C-0694CB39BEBD}.Debug|Any CPU.Build.0 = Debug|Any CPU
		{D0B9E656-04B4-4B1B-948C-0694CB39BEBD}.Debug|ARM.ActiveCfg = Debug|ARM
		{D0B9E656-04B4-4B1B-948C-0694CB39BEBD}.Debug|ARM.Build.0 = Debug|ARM
		{D0B9E656-04B4-4B1B-948C-0694CB39BEBD}.Debug|ARM64.ActiveCfg = Debug|ARM64
		{D0B9E656-04B4-4B1B-948C-0694CB39BEBD}.Debug|ARM64.Build.0 = Debug|ARM64
		{D0B9E656-04B4-4B1B-948C-0694CB39BEBD}.Debug|x64.ActiveCfg = Debug|x64
		{D0B9E656-04B4-4B1B-948C-0694CB39BEBD}.Debug|x64.Build.0 = Debug|x64
		{D0B9E656-04B4-4B1B-948C-0694CB39BEBD}.Debug|x86.ActiveCfg = Debug|x86
		{D0B9E656-04B4-4B1B-948C-0694CB39BEBD}.Debug|x86.Build.0 = Debug|x86
		{D0B9E656-04B4-4B1B-948C-0694CB39BEBD}.Release|Any CPU.ActiveCfg = Release|Any CPU
		{D0B9E656-04B4-4B1B-948C-0694CB39BEBD}.Release|Any CPU.Build.0 = Release|Any CPU
		{D0B9E656-04B4-4B1B-948C-0694CB39BEBD}.Release|ARM.ActiveCfg = Release|ARM
		{D0B9E656-04B4-4B1B-948C-0694CB39BEBD}.Release|ARM.Build.0 = Release|ARM
		{D0B9E656-04B4-4B1B-948C-0694CB39BEBD}.Release|ARM64.ActiveCfg = Release|ARM64
		{D0B9E656-04B4-4B1B-948C-0694CB39BEBD}.Release|ARM64.Build.0 = Release|ARM64
		{D0B9E656-04B4-4B1B-948C-0694CB39BEBD}.Release|x64.ActiveCfg = Release|x64
		{D0B9E656-04B4-4B1B-948C-0694CB39BEBD}.Release|x64.Build.0 = Release|x64
		{D0B9E656-04B4-4B1B-948C-0694CB39BEBD}.Release|x86.ActiveCfg = Release|x86
		{D0B9E656-04B4-4B1B-948C-0694CB39BEBD}.Release|x86.Build.0 = Release|x86
		{80340706-3EAC-485B-9F8C-C0467193519E}.Debug|Any CPU.ActiveCfg = Debug|Any CPU
		{80340706-3EAC-485B-9F8C-C0467193519E}.Debug|Any CPU.Build.0 = Debug|Any CPU
		{80340706-3EAC-485B-9F8C-C0467193519E}.Debug|ARM.ActiveCfg = Debug|ARM
		{80340706-3EAC-485B-9F8C-C0467193519E}.Debug|ARM.Build.0 = Debug|ARM
		{80340706-3EAC-485B-9F8C-C0467193519E}.Debug|ARM64.ActiveCfg = Debug|ARM64
		{80340706-3EAC-485B-9F8C-C0467193519E}.Debug|ARM64.Build.0 = Debug|ARM64
		{80340706-3EAC-485B-9F8C-C0467193519E}.Debug|x64.ActiveCfg = Debug|x64
		{80340706-3EAC-485B-9F8C-C0467193519E}.Debug|x64.Build.0 = Debug|x64
		{80340706-3EAC-485B-9F8C-C0467193519E}.Debug|x86.ActiveCfg = Debug|x86
		{80340706-3EAC-485B-9F8C-C0467193519E}.Debug|x86.Build.0 = Debug|x86
		{80340706-3EAC-485B-9F8C-C0467193519E}.Release|Any CPU.ActiveCfg = Release|Any CPU
		{80340706-3EAC-485B-9F8C-C0467193519E}.Release|Any CPU.Build.0 = Release|Any CPU
		{80340706-3EAC-485B-9F8C-C0467193519E}.Release|ARM.ActiveCfg = Release|ARM
		{80340706-3EAC-485B-9F8C-C0467193519E}.Release|ARM.Build.0 = Release|ARM
		{80340706-3EAC-485B-9F8C-C0467193519E}.Release|ARM64.ActiveCfg = Release|ARM64
		{80340706-3EAC-485B-9F8C-C0467193519E}.Release|ARM64.Build.0 = Release|ARM64
		{80340706-3EAC-485B-9F8C-C0467193519E}.Release|x64.ActiveCfg = Release|x64
		{80340706-3EAC-485B-9F8C-C0467193519E}.Release|x64.Build.0 = Release|x64
		{80340706-3EAC-485B-9F8C-C0467193519E}.Release|x86.ActiveCfg = Release|x86
		{80340706-3EAC-485B-9F8C-C0467193519E}.Release|x86.Build.0 = Release|x86
		{D9E866D4-6F3D-41C3-8A76-45375D8EC703}.Debug|Any CPU.ActiveCfg = Debug|Any CPU
		{D9E866D4-6F3D-41C3-8A76-45375D8EC703}.Debug|Any CPU.Build.0 = Debug|Any CPU
		{D9E866D4-6F3D-41C3-8A76-45375D8EC703}.Debug|ARM.ActiveCfg = Debug|ARM
		{D9E866D4-6F3D-41C3-8A76-45375D8EC703}.Debug|ARM.Build.0 = Debug|ARM
		{D9E866D4-6F3D-41C3-8A76-45375D8EC703}.Debug|ARM64.ActiveCfg = Debug|ARM64
		{D9E866D4-6F3D-41C3-8A76-45375D8EC703}.Debug|ARM64.Build.0 = Debug|ARM64
		{D9E866D4-6F3D-41C3-8A76-45375D8EC703}.Debug|x64.ActiveCfg = Debug|x64
		{D9E866D4-6F3D-41C3-8A76-45375D8EC703}.Debug|x64.Build.0 = Debug|x64
		{D9E866D4-6F3D-41C3-8A76-45375D8EC703}.Debug|x86.ActiveCfg = Debug|x86
		{D9E866D4-6F3D-41C3-8A76-45375D8EC703}.Debug|x86.Build.0 = Debug|x86
		{D9E866D4-6F3D-41C3-8A76-45375D8EC703}.Release|Any CPU.ActiveCfg = Release|Any CPU
		{D9E866D4-6F3D-41C3-8A76-45375D8EC703}.Release|Any CPU.Build.0 = Release|Any CPU
		{D9E866D4-6F3D-41C3-8A76-45375D8EC703}.Release|ARM.ActiveCfg = Release|ARM
		{D9E866D4-6F3D-41C3-8A76-45375D8EC703}.Release|ARM.Build.0 = Release|ARM
		{D9E866D4-6F3D-41C3-8A76-45375D8EC703}.Release|ARM64.ActiveCfg = Release|ARM64
		{D9E866D4-6F3D-41C3-8A76-45375D8EC703}.Release|ARM64.Build.0 = Release|ARM64
		{D9E866D4-6F3D-41C3-8A76-45375D8EC703}.Release|x64.ActiveCfg = Release|x64
		{D9E866D4-6F3D-41C3-8A76-45375D8EC703}.Release|x64.Build.0 = Release|x64
		{D9E866D4-6F3D-41C3-8A76-45375D8EC703}.Release|x86.ActiveCfg = Release|x86
		{D9E866D4-6F3D-41C3-8A76-45375D8EC703}.Release|x86.Build.0 = Release|x86
		{ED309D60-55AE-4C4F-8DA4-FA9874CFBF46}.Debug|Any CPU.ActiveCfg = Debug|Any CPU
		{ED309D60-55AE-4C4F-8DA4-FA9874CFBF46}.Debug|Any CPU.Build.0 = Debug|Any CPU
		{ED309D60-55AE-4C4F-8DA4-FA9874CFBF46}.Debug|ARM.ActiveCfg = Debug|ARM
		{ED309D60-55AE-4C4F-8DA4-FA9874CFBF46}.Debug|ARM.Build.0 = Debug|ARM
		{ED309D60-55AE-4C4F-8DA4-FA9874CFBF46}.Debug|ARM64.ActiveCfg = Debug|ARM64
		{ED309D60-55AE-4C4F-8DA4-FA9874CFBF46}.Debug|ARM64.Build.0 = Debug|ARM64
		{ED309D60-55AE-4C4F-8DA4-FA9874CFBF46}.Debug|x64.ActiveCfg = Debug|x64
		{ED309D60-55AE-4C4F-8DA4-FA9874CFBF46}.Debug|x64.Build.0 = Debug|x64
		{ED309D60-55AE-4C4F-8DA4-FA9874CFBF46}.Debug|x86.ActiveCfg = Debug|x86
		{ED309D60-55AE-4C4F-8DA4-FA9874CFBF46}.Debug|x86.Build.0 = Debug|x86
		{ED309D60-55AE-4C4F-8DA4-FA9874CFBF46}.Release|Any CPU.ActiveCfg = Release|Any CPU
		{ED309D60-55AE-4C4F-8DA4-FA9874CFBF46}.Release|Any CPU.Build.0 = Release|Any CPU
		{ED309D60-55AE-4C4F-8DA4-FA9874CFBF46}.Release|ARM.ActiveCfg = Release|ARM
		{ED309D60-55AE-4C4F-8DA4-FA9874CFBF46}.Release|ARM.Build.0 = Release|ARM
		{ED309D60-55AE-4C4F-8DA4-FA9874CFBF46}.Release|ARM64.ActiveCfg = Release|ARM64
		{ED309D60-55AE-4C4F-8DA4-FA9874CFBF46}.Release|ARM64.Build.0 = Release|ARM64
		{ED309D60-55AE-4C4F-8DA4-FA9874CFBF46}.Release|x64.ActiveCfg = Release|x64
		{ED309D60-55AE-4C4F-8DA4-FA9874CFBF46}.Release|x64.Build.0 = Release|x64
		{ED309D60-55AE-4C4F-8DA4-FA9874CFBF46}.Release|x86.ActiveCfg = Release|x86
		{ED309D60-55AE-4C4F-8DA4-FA9874CFBF46}.Release|x86.Build.0 = Release|x86
		{8062DCBD-1AB1-4A18-B9CF-B074C383BAE4}.Debug|Any CPU.ActiveCfg = Debug|Any CPU
		{8062DCBD-1AB1-4A18-B9CF-B074C383BAE4}.Debug|Any CPU.Build.0 = Debug|Any CPU
		{8062DCBD-1AB1-4A18-B9CF-B074C383BAE4}.Debug|ARM.ActiveCfg = Debug|ARM
		{8062DCBD-1AB1-4A18-B9CF-B074C383BAE4}.Debug|ARM.Build.0 = Debug|ARM
		{8062DCBD-1AB1-4A18-B9CF-B074C383BAE4}.Debug|ARM64.ActiveCfg = Debug|ARM64
		{8062DCBD-1AB1-4A18-B9CF-B074C383BAE4}.Debug|ARM64.Build.0 = Debug|ARM64
		{8062DCBD-1AB1-4A18-B9CF-B074C383BAE4}.Debug|x64.ActiveCfg = Debug|x64
		{8062DCBD-1AB1-4A18-B9CF-B074C383BAE4}.Debug|x64.Build.0 = Debug|x64
		{8062DCBD-1AB1-4A18-B9CF-B074C383BAE4}.Debug|x86.ActiveCfg = Debug|x86
		{8062DCBD-1AB1-4A18-B9CF-B074C383BAE4}.Debug|x86.Build.0 = Debug|x86
		{8062DCBD-1AB1-4A18-B9CF-B074C383BAE4}.Release|Any CPU.ActiveCfg = Release|Any CPU
		{8062DCBD-1AB1-4A18-B9CF-B074C383BAE4}.Release|Any CPU.Build.0 = Release|Any CPU
		{8062DCBD-1AB1-4A18-B9CF-B074C383BAE4}.Release|ARM.ActiveCfg = Release|ARM
		{8062DCBD-1AB1-4A18-B9CF-B074C383BAE4}.Release|ARM.Build.0 = Release|ARM
		{8062DCBD-1AB1-4A18-B9CF-B074C383BAE4}.Release|ARM64.ActiveCfg = Release|ARM64
		{8062DCBD-1AB1-4A18-B9CF-B074C383BAE4}.Release|ARM64.Build.0 = Release|ARM64
		{8062DCBD-1AB1-4A18-B9CF-B074C383BAE4}.Release|x64.ActiveCfg = Release|x64
		{8062DCBD-1AB1-4A18-B9CF-B074C383BAE4}.Release|x64.Build.0 = Release|x64
		{8062DCBD-1AB1-4A18-B9CF-B074C383BAE4}.Release|x86.ActiveCfg = Release|x86
		{8062DCBD-1AB1-4A18-B9CF-B074C383BAE4}.Release|x86.Build.0 = Release|x86
	EndGlobalSection
	GlobalSection(SolutionProperties) = preSolution
		HideSolutionNode = FALSE
	EndGlobalSection
	GlobalSection(ExtensibilityGlobals) = postSolution
		SolutionGuid = {F88C8BD9-6819-4527-99EB-BF5B65E95FE8}
	EndGlobalSection
EndGlobal
