
Microsoft Visual Studio Solution File, Format Version 12.00
# Visual Studio Version 16
VisualStudioVersion = 16.0.31702.278
MinimumVisualStudioVersion = 10.0.40219.1
Project("{9A19103F-16F7-4668-BE54-9A1E7A4F7556}") = "ORNP.Common", "ORNP.Common\ORNP.Common.csproj", "{AB4DAD39-854F-4C09-BFFD-92A336376269}"
EndProject
Project("{9A19103F-16F7-4668-BE54-9A1E7A4F7556}") = "ORNP.IO", "ORNP.IO\ORNP.IO.csproj", "{21C15E41-9A8F-4E13-85BA-00E6796AFCA9}"
EndProject
Project("{9A19103F-16F7-4668-BE54-9A1E7A4F7556}") = "Ornp.Parsers.Msts", "Ornp.Parsers.Msts\Ornp.Parsers.Msts.csproj", "{606DFA24-5163-4BC6-A6E1-9559C947BDC1}"
EndProject
Project("{FAE04EC0-301F-11D3-BF4B-00C04F79EFBC}") = "Ornp.Parsers.OR", "Ornp.Parsers.OR\Ornp.Parsers.OR.csproj", "{4BCF63D0-CBE0-48EE-BDA7-49E3EF32FB0C}"
EndProject
Project("{FAE04EC0-301F-11D3-BF4B-00C04F79EFBC}") = "Ornp.Formats.Msts", "Ornp.Formats.Msts\Ornp.Formats.Msts.csproj", "{58669B64-A924-435E-8388-2390F2ADD527}"
EndProject
Project("{FAE04EC0-301F-11D3-BF4B-00C04F79EFBC}") = "Ornp.Formats.OR", "Ornp.Formats.OR\Ornp.Formats.OR.csproj", "{C365C441-EB4A-4FDE-97B6-70DB1191E957}"
EndProject
Project("{FAE04EC0-301F-11D3-BF4B-00C04F79EFBC}") = "ORNP.Content", "ORNP.Content\ORNP.Content.csproj", "{CB60C9CF-5CA9-497C-9F31-5534DD193372}"
EndProject
Project("{FAE04EC0-301F-11D3-BF4B-00C04F79EFBC}") = "ORNP.Settings", "ORNP.Settings\ORNP.Settings.csproj", "{8E9A74D5-734D-43B1-9AB4-A850BAE5A96B}"
EndProject
Project("{FAE04EC0-301F-11D3-BF4B-00C04F79EFBC}") = "Ornp.Simulation", "Ornp.Simulation\Ornp.Simulation.csproj", "{92FB9E16-C9C1-46CE-B199-CBB368AE8CC0}"
EndProject
Global
	GlobalSection(SolutionConfigurationPlatforms) = preSolution
		Debug|Any CPU = Debug|Any CPU
		Debug|x64 = Debug|x64
		Release|Any CPU = Release|Any CPU
		Release|x64 = Release|x64
	EndGlobalSection
	GlobalSection(ProjectConfigurationPlatforms) = postSolution
		{AB4DAD39-854F-4C09-BFFD-92A336376269}.Debug|Any CPU.ActiveCfg = Debug|Any CPU
		{AB4DAD39-854F-4C09-BFFD-92A336376269}.Debug|Any CPU.Build.0 = Debug|Any CPU
		{AB4DAD39-854F-4C09-BFFD-92A336376269}.Debug|x64.ActiveCfg = Debug|x64
		{AB4DAD39-854F-4C09-BFFD-92A336376269}.Debug|x64.Build.0 = Debug|x64
		{AB4DAD39-854F-4C09-BFFD-92A336376269}.Release|Any CPU.ActiveCfg = Release|Any CPU
		{AB4DAD39-854F-4C09-BFFD-92A336376269}.Release|Any CPU.Build.0 = Release|Any CPU
		{AB4DAD39-854F-4C09-BFFD-92A336376269}.Release|x64.ActiveCfg = Release|x64
		{AB4DAD39-854F-4C09-BFFD-92A336376269}.Release|x64.Build.0 = Release|x64
		{21C15E41-9A8F-4E13-85BA-00E6796AFCA9}.Debug|Any CPU.ActiveCfg = Debug|Any CPU
		{21C15E41-9A8F-4E13-85BA-00E6796AFCA9}.Debug|Any CPU.Build.0 = Debug|Any CPU
		{21C15E41-9A8F-4E13-85BA-00E6796AFCA9}.Debug|x64.ActiveCfg = Debug|x64
		{21C15E41-9A8F-4E13-85BA-00E6796AFCA9}.Debug|x64.Build.0 = Debug|x64
		{21C15E41-9A8F-4E13-85BA-00E6796AFCA9}.Release|Any CPU.ActiveCfg = Release|Any CPU
		{21C15E41-9A8F-4E13-85BA-00E6796AFCA9}.Release|Any CPU.Build.0 = Release|Any CPU
		{21C15E41-9A8F-4E13-85BA-00E6796AFCA9}.Release|x64.ActiveCfg = Release|x64
		{21C15E41-9A8F-4E13-85BA-00E6796AFCA9}.Release|x64.Build.0 = Release|x64
		{606DFA24-5163-4BC6-A6E1-9559C947BDC1}.Debug|Any CPU.ActiveCfg = Debug|Any CPU
		{606DFA24-5163-4BC6-A6E1-9559C947BDC1}.Debug|Any CPU.Build.0 = Debug|Any CPU
		{606DFA24-5163-4BC6-A6E1-9559C947BDC1}.Debug|x64.ActiveCfg = Debug|x64
		{606DFA24-5163-4BC6-A6E1-9559C947BDC1}.Debug|x64.Build.0 = Debug|x64
		{606DFA24-5163-4BC6-A6E1-9559C947BDC1}.Release|Any CPU.ActiveCfg = Release|Any CPU
		{606DFA24-5163-4BC6-A6E1-9559C947BDC1}.Release|Any CPU.Build.0 = Release|Any CPU
		{606DFA24-5163-4BC6-A6E1-9559C947BDC1}.Release|x64.ActiveCfg = Release|Any CPU
		{606DFA24-5163-4BC6-A6E1-9559C947BDC1}.Release|x64.Build.0 = Release|Any CPU
		{4BCF63D0-CBE0-48EE-BDA7-49E3EF32FB0C}.Debug|Any CPU.ActiveCfg = Debug|Any CPU
		{4BCF63D0-CBE0-48EE-BDA7-49E3EF32FB0C}.Debug|Any CPU.Build.0 = Debug|Any CPU
		{4BCF63D0-CBE0-48EE-BDA7-49E3EF32FB0C}.Debug|x64.ActiveCfg = Debug|x64
		{4BCF63D0-CBE0-48EE-BDA7-49E3EF32FB0C}.Debug|x64.Build.0 = Debug|x64
		{4BCF63D0-CBE0-48EE-BDA7-49E3EF32FB0C}.Release|Any CPU.ActiveCfg = Release|Any CPU
		{4BCF63D0-CBE0-48EE-BDA7-49E3EF32FB0C}.Release|Any CPU.Build.0 = Release|Any CPU
		{4BCF63D0-CBE0-48EE-BDA7-49E3EF32FB0C}.Release|x64.ActiveCfg = Release|Any CPU
		{4BCF63D0-CBE0-48EE-BDA7-49E3EF32FB0C}.Release|x64.Build.0 = Release|Any CPU
		{58669B64-A924-435E-8388-2390F2ADD527}.Debug|Any CPU.ActiveCfg = Debug|Any CPU
		{58669B64-A924-435E-8388-2390F2ADD527}.Debug|Any CPU.Build.0 = Debug|Any CPU
		{58669B64-A924-435E-8388-2390F2ADD527}.Debug|x64.ActiveCfg = Debug|x64
		{58669B64-A924-435E-8388-2390F2ADD527}.Debug|x64.Build.0 = Debug|x64
		{58669B64-A924-435E-8388-2390F2ADD527}.Release|Any CPU.ActiveCfg = Release|Any CPU
		{58669B64-A924-435E-8388-2390F2ADD527}.Release|Any CPU.Build.0 = Release|Any CPU
		{58669B64-A924-435E-8388-2390F2ADD527}.Release|x64.ActiveCfg = Release|Any CPU
		{58669B64-A924-435E-8388-2390F2ADD527}.Release|x64.Build.0 = Release|Any CPU
		{C365C441-EB4A-4FDE-97B6-70DB1191E957}.Debug|Any CPU.ActiveCfg = Debug|Any CPU
		{C365C441-EB4A-4FDE-97B6-70DB1191E957}.Debug|Any CPU.Build.0 = Debug|Any CPU
		{C365C441-EB4A-4FDE-97B6-70DB1191E957}.Debug|x64.ActiveCfg = Debug|x64
		{C365C441-EB4A-4FDE-97B6-70DB1191E957}.Debug|x64.Build.0 = Debug|x64
		{C365C441-EB4A-4FDE-97B6-70DB1191E957}.Release|Any CPU.ActiveCfg = Release|Any CPU
		{C365C441-EB4A-4FDE-97B6-70DB1191E957}.Release|Any CPU.Build.0 = Release|Any CPU
		{C365C441-EB4A-4FDE-97B6-70DB1191E957}.Release|x64.ActiveCfg = Release|Any CPU
		{C365C441-EB4A-4FDE-97B6-70DB1191E957}.Release|x64.Build.0 = Release|Any CPU
		{CB60C9CF-5CA9-497C-9F31-5534DD193372}.Debug|Any CPU.ActiveCfg = Debug|Any CPU
		{CB60C9CF-5CA9-497C-9F31-5534DD193372}.Debug|Any CPU.Build.0 = Debug|Any CPU
		{CB60C9CF-5CA9-497C-9F31-5534DD193372}.Debug|x64.ActiveCfg = Debug|x64
		{CB60C9CF-5CA9-497C-9F31-5534DD193372}.Debug|x64.Build.0 = Debug|x64
		{CB60C9CF-5CA9-497C-9F31-5534DD193372}.Release|Any CPU.ActiveCfg = Release|Any CPU
		{CB60C9CF-5CA9-497C-9F31-5534DD193372}.Release|Any CPU.Build.0 = Release|Any CPU
		{CB60C9CF-5CA9-497C-9F31-5534DD193372}.Release|x64.ActiveCfg = Release|Any CPU
		{CB60C9CF-5CA9-497C-9F31-5534DD193372}.Release|x64.Build.0 = Release|Any CPU
		{8E9A74D5-734D-43B1-9AB4-A850BAE5A96B}.Debug|Any CPU.ActiveCfg = Debug|Any CPU
		{8E9A74D5-734D-43B1-9AB4-A850BAE5A96B}.Debug|Any CPU.Build.0 = Debug|Any CPU
		{8E9A74D5-734D-43B1-9AB4-A850BAE5A96B}.Debug|x64.ActiveCfg = Debug|x64
		{8E9A74D5-734D-43B1-9AB4-A850BAE5A96B}.Debug|x64.Build.0 = Debug|x64
		{8E9A74D5-734D-43B1-9AB4-A850BAE5A96B}.Release|Any CPU.ActiveCfg = Release|Any CPU
		{8E9A74D5-734D-43B1-9AB4-A850BAE5A96B}.Release|Any CPU.Build.0 = Release|Any CPU
		{8E9A74D5-734D-43B1-9AB4-A850BAE5A96B}.Release|x64.ActiveCfg = Release|Any CPU
		{8E9A74D5-734D-43B1-9AB4-A850BAE5A96B}.Release|x64.Build.0 = Release|Any CPU
		{92FB9E16-C9C1-46CE-B199-CBB368AE8CC0}.Debug|Any CPU.ActiveCfg = Debug|Any CPU
		{92FB9E16-C9C1-46CE-B199-CBB368AE8CC0}.Debug|Any CPU.Build.0 = Debug|Any CPU
		{92FB9E16-C9C1-46CE-B199-CBB368AE8CC0}.Debug|x64.ActiveCfg = Debug|x64
		{92FB9E16-C9C1-46CE-B199-CBB368AE8CC0}.Debug|x64.Build.0 = Debug|x64
		{92FB9E16-C9C1-46CE-B199-CBB368AE8CC0}.Release|Any CPU.ActiveCfg = Release|Any CPU
		{92FB9E16-C9C1-46CE-B199-CBB368AE8CC0}.Release|Any CPU.Build.0 = Release|Any CPU
		{92FB9E16-C9C1-46CE-B199-CBB368AE8CC0}.Release|x64.ActiveCfg = Release|Any CPU
		{92FB9E16-C9C1-46CE-B199-CBB368AE8CC0}.Release|x64.Build.0 = Release|Any CPU
	EndGlobalSection
	GlobalSection(SolutionProperties) = preSolution
		HideSolutionNode = FALSE
	EndGlobalSection
	GlobalSection(ExtensibilityGlobals) = postSolution
		SolutionGuid = {92AED2C5-63A9-49A6-B282-D10ECC24C049}
	EndGlobalSection
EndGlobal
