
Microsoft Visual Studio Solution File, Format Version 12.00
# Visual Studio Version 16
VisualStudioVersion = 16.0.31624.102
MinimumVisualStudioVersion = 10.0.40219.1
Project("{D954291E-2A0B-460D-934E-DC6B0785DB48}") = "ORNP.Shared", "ORNP.Shared\ORNP.Shared.shproj", "{6279C845-92F8-4333-AB99-3D213163593C}"
EndProject
Project("{2150E333-8FDC-42A3-9474-1A3956D46DE8}") = "Platforms", "Platforms", "{76BC5871-66D1-4CE8-BF61-B40020BE35F3}"
EndProject
Project("{FAE04EC0-301F-11D3-BF4B-00C04F79EFBC}") = "ORNP.Droid", "ORNP.Droid\ORNP.Droid.csproj", "{A786A968-C1E4-4857-B7BA-3251B48ED2A4}"
EndProject
Project("{FAE04EC0-301F-11D3-BF4B-00C04F79EFBC}") = "ORNP.iOS", "ORNP.iOS\ORNP.iOS.csproj", "{DE59478D-F8BC-4206-AB62-19A1FC1F9B71}"
EndProject
Project("{FAE04EC0-301F-11D3-BF4B-00C04F79EFBC}") = "ORNP.UWP", "ORNP.UWP\ORNP.UWP.csproj", "{C38FB5C6-4B37-4038-A42F-CA0A36897266}"
EndProject
Project("{FAE04EC0-301F-11D3-BF4B-00C04F79EFBC}") = "ORNP.macOS", "ORNP.macOS\ORNP.macOS.csproj", "{B18381C5-3FEE-4B53-94CD-39198A83A61A}"
EndProject
Project("{9A19103F-16F7-4668-BE54-9A1E7A4F7556}") = "ORNP.Skia.Wpf.Host", "ORNP.Skia.Wpf.Host\ORNP.Skia.Wpf.Host.csproj", "{0889F86F-26A6-43EF-89AC-3962D55C800B}"
EndProject
Project("{9A19103F-16F7-4668-BE54-9A1E7A4F7556}") = "ORNP.Skia.Wpf", "ORNP.Skia.Wpf\ORNP.Skia.Wpf.csproj", "{0F9B4540-9056-4B47-9CF8-EEE92CC30474}"
EndProject
Project("{9A19103F-16F7-4668-BE54-9A1E7A4F7556}") = "ORNP.Skia.Gtk", "ORNP.Skia.Gtk\ORNP.Skia.Gtk.csproj", "{E8FBEAA6-3DAA-4EE3-B17F-1FCEF7AD84A4}"
EndProject
Project("{9A19103F-16F7-4668-BE54-9A1E7A4F7556}") = "ORNP.Skia.Tizen", "ORNP.Skia.Tizen\ORNP.Skia.Tizen.csproj", "{AE28D0AE-5660-4215-A73D-D00F06D24BC3}"
EndProject
Project("{2150E333-8FDC-42A3-9474-1A3956D46DE8}") = "Main Program", "Main Program", "{A08C7A03-7424-4B22-95AC-8C1C99766ED4}"
EndProject
Project("{9A19103F-16F7-4668-BE54-9A1E7A4F7556}") = "ORNP.Common", "ORNP.Common\ORNP.Common.csproj", "{D9A70E31-2D14-4E70-B31E-E9211645A392}"
EndProject
Global
	GlobalSection(SharedMSBuildProjectFiles) = preSolution
		ORNP.Shared\ORNP.Shared.projitems*{0f9b4540-9056-4b47-9cf8-eee92cc30474}*SharedItemsImports = 5
		ORNP.Shared\ORNP.Shared.projitems*{6279c845-92f8-4333-ab99-3d213163593c}*SharedItemsImports = 13
		ORNP.Shared\ORNP.Shared.projitems*{a786a968-c1e4-4857-b7ba-3251b48ed2a4}*SharedItemsImports = 4
		ORNP.Shared\ORNP.Shared.projitems*{ae28d0ae-5660-4215-a73d-d00f06d24bc3}*SharedItemsImports = 5
		ORNP.Shared\ORNP.Shared.projitems*{b18381c5-3fee-4b53-94cd-39198a83a61a}*SharedItemsImports = 4
		ORNP.Shared\ORNP.Shared.projitems*{c38fb5c6-4b37-4038-a42f-ca0a36897266}*SharedItemsImports = 4
		ORNP.Shared\ORNP.Shared.projitems*{de59478d-f8bc-4206-ab62-19a1fc1f9b71}*SharedItemsImports = 4
		ORNP.Shared\ORNP.Shared.projitems*{e8fbeaa6-3daa-4ee3-b17f-1fcef7ad84a4}*SharedItemsImports = 5
	EndGlobalSection
	GlobalSection(SolutionConfigurationPlatforms) = preSolution
		Ad-Hoc|Any CPU = Ad-Hoc|Any CPU
		Ad-Hoc|ARM = Ad-Hoc|ARM
		Ad-Hoc|ARM64 = Ad-Hoc|ARM64
		Ad-Hoc|iPhone = Ad-Hoc|iPhone
		Ad-Hoc|iPhoneSimulator = Ad-Hoc|iPhoneSimulator
		Ad-Hoc|x64 = Ad-Hoc|x64
		Ad-Hoc|x86 = Ad-Hoc|x86
		AppStore|Any CPU = AppStore|Any CPU
		AppStore|ARM = AppStore|ARM
		AppStore|ARM64 = AppStore|ARM64
		AppStore|iPhone = AppStore|iPhone
		AppStore|iPhoneSimulator = AppStore|iPhoneSimulator
		AppStore|x64 = AppStore|x64
		AppStore|x86 = AppStore|x86
		Debug|Any CPU = Debug|Any CPU
		Debug|ARM = Debug|ARM
		Debug|ARM64 = Debug|ARM64
		Debug|iPhone = Debug|iPhone
		Debug|iPhoneSimulator = Debug|iPhoneSimulator
		Debug|x64 = Debug|x64
		Debug|x86 = Debug|x86
		Release|Any CPU = Release|Any CPU
		Release|ARM = Release|ARM
		Release|ARM64 = Release|ARM64
		Release|iPhone = Release|iPhone
		Release|iPhoneSimulator = Release|iPhoneSimulator
		Release|x64 = Release|x64
		Release|x86 = Release|x86
	EndGlobalSection
	GlobalSection(ProjectConfigurationPlatforms) = postSolution
		{A786A968-C1E4-4857-B7BA-3251B48ED2A4}.Ad-Hoc|Any CPU.ActiveCfg = Debug|Any CPU
		{A786A968-C1E4-4857-B7BA-3251B48ED2A4}.Ad-Hoc|Any CPU.Build.0 = Debug|Any CPU
		{A786A968-C1E4-4857-B7BA-3251B48ED2A4}.Ad-Hoc|Any CPU.Deploy.0 = Debug|Any CPU
		{A786A968-C1E4-4857-B7BA-3251B48ED2A4}.Ad-Hoc|ARM.ActiveCfg = Debug|Any CPU
		{A786A968-C1E4-4857-B7BA-3251B48ED2A4}.Ad-Hoc|ARM.Build.0 = Debug|Any CPU
		{A786A968-C1E4-4857-B7BA-3251B48ED2A4}.Ad-Hoc|ARM.Deploy.0 = Debug|Any CPU
		{A786A968-C1E4-4857-B7BA-3251B48ED2A4}.Ad-Hoc|ARM64.ActiveCfg = Debug|Any CPU
		{A786A968-C1E4-4857-B7BA-3251B48ED2A4}.Ad-Hoc|ARM64.Build.0 = Debug|Any CPU
		{A786A968-C1E4-4857-B7BA-3251B48ED2A4}.Ad-Hoc|ARM64.Deploy.0 = Debug|Any CPU
		{A786A968-C1E4-4857-B7BA-3251B48ED2A4}.Ad-Hoc|iPhone.ActiveCfg = Debug|Any CPU
		{A786A968-C1E4-4857-B7BA-3251B48ED2A4}.Ad-Hoc|iPhone.Build.0 = Debug|Any CPU
		{A786A968-C1E4-4857-B7BA-3251B48ED2A4}.Ad-Hoc|iPhone.Deploy.0 = Debug|Any CPU
		{A786A968-C1E4-4857-B7BA-3251B48ED2A4}.Ad-Hoc|iPhoneSimulator.ActiveCfg = Debug|Any CPU
		{A786A968-C1E4-4857-B7BA-3251B48ED2A4}.Ad-Hoc|iPhoneSimulator.Build.0 = Debug|Any CPU
		{A786A968-C1E4-4857-B7BA-3251B48ED2A4}.Ad-Hoc|iPhoneSimulator.Deploy.0 = Debug|Any CPU
		{A786A968-C1E4-4857-B7BA-3251B48ED2A4}.Ad-Hoc|x64.ActiveCfg = Debug|Any CPU
		{A786A968-C1E4-4857-B7BA-3251B48ED2A4}.Ad-Hoc|x64.Build.0 = Debug|Any CPU
		{A786A968-C1E4-4857-B7BA-3251B48ED2A4}.Ad-Hoc|x64.Deploy.0 = Debug|Any CPU
		{A786A968-C1E4-4857-B7BA-3251B48ED2A4}.Ad-Hoc|x86.ActiveCfg = Debug|Any CPU
		{A786A968-C1E4-4857-B7BA-3251B48ED2A4}.Ad-Hoc|x86.Build.0 = Debug|Any CPU
		{A786A968-C1E4-4857-B7BA-3251B48ED2A4}.Ad-Hoc|x86.Deploy.0 = Debug|Any CPU
		{A786A968-C1E4-4857-B7BA-3251B48ED2A4}.AppStore|Any CPU.ActiveCfg = Debug|Any CPU
		{A786A968-C1E4-4857-B7BA-3251B48ED2A4}.AppStore|Any CPU.Build.0 = Debug|Any CPU
		{A786A968-C1E4-4857-B7BA-3251B48ED2A4}.AppStore|Any CPU.Deploy.0 = Debug|Any CPU
		{A786A968-C1E4-4857-B7BA-3251B48ED2A4}.AppStore|ARM.ActiveCfg = Debug|Any CPU
		{A786A968-C1E4-4857-B7BA-3251B48ED2A4}.AppStore|ARM.Build.0 = Debug|Any CPU
		{A786A968-C1E4-4857-B7BA-3251B48ED2A4}.AppStore|ARM.Deploy.0 = Debug|Any CPU
		{A786A968-C1E4-4857-B7BA-3251B48ED2A4}.AppStore|ARM64.ActiveCfg = Debug|Any CPU
		{A786A968-C1E4-4857-B7BA-3251B48ED2A4}.AppStore|ARM64.Build.0 = Debug|Any CPU
		{A786A968-C1E4-4857-B7BA-3251B48ED2A4}.AppStore|ARM64.Deploy.0 = Debug|Any CPU
		{A786A968-C1E4-4857-B7BA-3251B48ED2A4}.AppStore|iPhone.ActiveCfg = Debug|Any CPU
		{A786A968-C1E4-4857-B7BA-3251B48ED2A4}.AppStore|iPhone.Build.0 = Debug|Any CPU
		{A786A968-C1E4-4857-B7BA-3251B48ED2A4}.AppStore|iPhone.Deploy.0 = Debug|Any CPU
		{A786A968-C1E4-4857-B7BA-3251B48ED2A4}.AppStore|iPhoneSimulator.ActiveCfg = Debug|Any CPU
		{A786A968-C1E4-4857-B7BA-3251B48ED2A4}.AppStore|iPhoneSimulator.Build.0 = Debug|Any CPU
		{A786A968-C1E4-4857-B7BA-3251B48ED2A4}.AppStore|iPhoneSimulator.Deploy.0 = Debug|Any CPU
		{A786A968-C1E4-4857-B7BA-3251B48ED2A4}.AppStore|x64.ActiveCfg = Debug|Any CPU
		{A786A968-C1E4-4857-B7BA-3251B48ED2A4}.AppStore|x64.Build.0 = Debug|Any CPU
		{A786A968-C1E4-4857-B7BA-3251B48ED2A4}.AppStore|x64.Deploy.0 = Debug|Any CPU
		{A786A968-C1E4-4857-B7BA-3251B48ED2A4}.AppStore|x86.ActiveCfg = Debug|Any CPU
		{A786A968-C1E4-4857-B7BA-3251B48ED2A4}.AppStore|x86.Build.0 = Debug|Any CPU
		{A786A968-C1E4-4857-B7BA-3251B48ED2A4}.AppStore|x86.Deploy.0 = Debug|Any CPU
		{A786A968-C1E4-4857-B7BA-3251B48ED2A4}.Debug|Any CPU.ActiveCfg = Debug|Any CPU
		{A786A968-C1E4-4857-B7BA-3251B48ED2A4}.Debug|Any CPU.Build.0 = Debug|Any CPU
		{A786A968-C1E4-4857-B7BA-3251B48ED2A4}.Debug|Any CPU.Deploy.0 = Debug|Any CPU
		{A786A968-C1E4-4857-B7BA-3251B48ED2A4}.Debug|ARM.ActiveCfg = Debug|Any CPU
		{A786A968-C1E4-4857-B7BA-3251B48ED2A4}.Debug|ARM.Build.0 = Debug|Any CPU
		{A786A968-C1E4-4857-B7BA-3251B48ED2A4}.Debug|ARM.Deploy.0 = Debug|Any CPU
		{A786A968-C1E4-4857-B7BA-3251B48ED2A4}.Debug|ARM64.ActiveCfg = Debug|Any CPU
		{A786A968-C1E4-4857-B7BA-3251B48ED2A4}.Debug|ARM64.Build.0 = Debug|Any CPU
		{A786A968-C1E4-4857-B7BA-3251B48ED2A4}.Debug|ARM64.Deploy.0 = Debug|Any CPU
		{A786A968-C1E4-4857-B7BA-3251B48ED2A4}.Debug|iPhone.ActiveCfg = Debug|Any CPU
		{A786A968-C1E4-4857-B7BA-3251B48ED2A4}.Debug|iPhone.Build.0 = Debug|Any CPU
		{A786A968-C1E4-4857-B7BA-3251B48ED2A4}.Debug|iPhone.Deploy.0 = Debug|Any CPU
		{A786A968-C1E4-4857-B7BA-3251B48ED2A4}.Debug|iPhoneSimulator.ActiveCfg = Debug|Any CPU
		{A786A968-C1E4-4857-B7BA-3251B48ED2A4}.Debug|iPhoneSimulator.Build.0 = Debug|Any CPU
		{A786A968-C1E4-4857-B7BA-3251B48ED2A4}.Debug|iPhoneSimulator.Deploy.0 = Debug|Any CPU
		{A786A968-C1E4-4857-B7BA-3251B48ED2A4}.Debug|x64.ActiveCfg = Debug|Any CPU
		{A786A968-C1E4-4857-B7BA-3251B48ED2A4}.Debug|x64.Build.0 = Debug|Any CPU
		{A786A968-C1E4-4857-B7BA-3251B48ED2A4}.Debug|x64.Deploy.0 = Debug|Any CPU
		{A786A968-C1E4-4857-B7BA-3251B48ED2A4}.Debug|x86.ActiveCfg = Debug|Any CPU
		{A786A968-C1E4-4857-B7BA-3251B48ED2A4}.Debug|x86.Build.0 = Debug|Any CPU
		{A786A968-C1E4-4857-B7BA-3251B48ED2A4}.Debug|x86.Deploy.0 = Debug|Any CPU
		{A786A968-C1E4-4857-B7BA-3251B48ED2A4}.Release|Any CPU.ActiveCfg = Release|Any CPU
		{A786A968-C1E4-4857-B7BA-3251B48ED2A4}.Release|Any CPU.Build.0 = Release|Any CPU
		{A786A968-C1E4-4857-B7BA-3251B48ED2A4}.Release|Any CPU.Deploy.0 = Release|Any CPU
		{A786A968-C1E4-4857-B7BA-3251B48ED2A4}.Release|ARM.ActiveCfg = Release|Any CPU
		{A786A968-C1E4-4857-B7BA-3251B48ED2A4}.Release|ARM.Build.0 = Release|Any CPU
		{A786A968-C1E4-4857-B7BA-3251B48ED2A4}.Release|ARM.Deploy.0 = Release|Any CPU
		{A786A968-C1E4-4857-B7BA-3251B48ED2A4}.Release|ARM64.ActiveCfg = Release|Any CPU
		{A786A968-C1E4-4857-B7BA-3251B48ED2A4}.Release|ARM64.Build.0 = Release|Any CPU
		{A786A968-C1E4-4857-B7BA-3251B48ED2A4}.Release|ARM64.Deploy.0 = Release|Any CPU
		{A786A968-C1E4-4857-B7BA-3251B48ED2A4}.Release|iPhone.ActiveCfg = Release|Any CPU
		{A786A968-C1E4-4857-B7BA-3251B48ED2A4}.Release|iPhone.Build.0 = Release|Any CPU
		{A786A968-C1E4-4857-B7BA-3251B48ED2A4}.Release|iPhone.Deploy.0 = Release|Any CPU
		{A786A968-C1E4-4857-B7BA-3251B48ED2A4}.Release|iPhoneSimulator.ActiveCfg = Release|Any CPU
		{A786A968-C1E4-4857-B7BA-3251B48ED2A4}.Release|iPhoneSimulator.Build.0 = Release|Any CPU
		{A786A968-C1E4-4857-B7BA-3251B48ED2A4}.Release|iPhoneSimulator.Deploy.0 = Release|Any CPU
		{A786A968-C1E4-4857-B7BA-3251B48ED2A4}.Release|x64.ActiveCfg = Release|Any CPU
		{A786A968-C1E4-4857-B7BA-3251B48ED2A4}.Release|x64.Build.0 = Release|Any CPU
		{A786A968-C1E4-4857-B7BA-3251B48ED2A4}.Release|x64.Deploy.0 = Release|Any CPU
		{A786A968-C1E4-4857-B7BA-3251B48ED2A4}.Release|x86.ActiveCfg = Release|Any CPU
		{A786A968-C1E4-4857-B7BA-3251B48ED2A4}.Release|x86.Build.0 = Release|Any CPU
		{A786A968-C1E4-4857-B7BA-3251B48ED2A4}.Release|x86.Deploy.0 = Release|Any CPU
		{DE59478D-F8BC-4206-AB62-19A1FC1F9B71}.Ad-Hoc|Any CPU.ActiveCfg = Ad-Hoc|iPhoneSimulator
		{DE59478D-F8BC-4206-AB62-19A1FC1F9B71}.Ad-Hoc|ARM.ActiveCfg = Ad-Hoc|iPhoneSimulator
		{DE59478D-F8BC-4206-AB62-19A1FC1F9B71}.Ad-Hoc|ARM64.ActiveCfg = Ad-Hoc|iPhoneSimulator
		{DE59478D-F8BC-4206-AB62-19A1FC1F9B71}.Ad-Hoc|iPhone.ActiveCfg = Ad-Hoc|iPhone
		{DE59478D-F8BC-4206-AB62-19A1FC1F9B71}.Ad-Hoc|iPhone.Build.0 = Ad-Hoc|iPhone
		{DE59478D-F8BC-4206-AB62-19A1FC1F9B71}.Ad-Hoc|iPhoneSimulator.ActiveCfg = Ad-Hoc|iPhoneSimulator
		{DE59478D-F8BC-4206-AB62-19A1FC1F9B71}.Ad-Hoc|iPhoneSimulator.Build.0 = Ad-Hoc|iPhoneSimulator
		{DE59478D-F8BC-4206-AB62-19A1FC1F9B71}.Ad-Hoc|x64.ActiveCfg = Ad-Hoc|iPhoneSimulator
		{DE59478D-F8BC-4206-AB62-19A1FC1F9B71}.Ad-Hoc|x86.ActiveCfg = Ad-Hoc|iPhoneSimulator
		{DE59478D-F8BC-4206-AB62-19A1FC1F9B71}.AppStore|Any CPU.ActiveCfg = AppStore|iPhoneSimulator
		{DE59478D-F8BC-4206-AB62-19A1FC1F9B71}.AppStore|ARM.ActiveCfg = AppStore|iPhoneSimulator
		{DE59478D-F8BC-4206-AB62-19A1FC1F9B71}.AppStore|ARM64.ActiveCfg = AppStore|iPhoneSimulator
		{DE59478D-F8BC-4206-AB62-19A1FC1F9B71}.AppStore|iPhone.ActiveCfg = AppStore|iPhone
		{DE59478D-F8BC-4206-AB62-19A1FC1F9B71}.AppStore|iPhone.Build.0 = AppStore|iPhone
		{DE59478D-F8BC-4206-AB62-19A1FC1F9B71}.AppStore|iPhoneSimulator.ActiveCfg = AppStore|iPhoneSimulator
		{DE59478D-F8BC-4206-AB62-19A1FC1F9B71}.AppStore|iPhoneSimulator.Build.0 = AppStore|iPhoneSimulator
		{DE59478D-F8BC-4206-AB62-19A1FC1F9B71}.AppStore|x64.ActiveCfg = AppStore|iPhoneSimulator
		{DE59478D-F8BC-4206-AB62-19A1FC1F9B71}.AppStore|x86.ActiveCfg = AppStore|iPhoneSimulator
		{DE59478D-F8BC-4206-AB62-19A1FC1F9B71}.Debug|Any CPU.ActiveCfg = Debug|iPhoneSimulator
		{DE59478D-F8BC-4206-AB62-19A1FC1F9B71}.Debug|ARM.ActiveCfg = Debug|iPhoneSimulator
		{DE59478D-F8BC-4206-AB62-19A1FC1F9B71}.Debug|ARM64.ActiveCfg = Debug|iPhoneSimulator
		{DE59478D-F8BC-4206-AB62-19A1FC1F9B71}.Debug|iPhone.ActiveCfg = Debug|iPhone
		{DE59478D-F8BC-4206-AB62-19A1FC1F9B71}.Debug|iPhone.Build.0 = Debug|iPhone
		{DE59478D-F8BC-4206-AB62-19A1FC1F9B71}.Debug|iPhoneSimulator.ActiveCfg = Debug|iPhoneSimulator
		{DE59478D-F8BC-4206-AB62-19A1FC1F9B71}.Debug|iPhoneSimulator.Build.0 = Debug|iPhoneSimulator
		{DE59478D-F8BC-4206-AB62-19A1FC1F9B71}.Debug|x64.ActiveCfg = Debug|iPhoneSimulator
		{DE59478D-F8BC-4206-AB62-19A1FC1F9B71}.Debug|x86.ActiveCfg = Debug|iPhoneSimulator
		{DE59478D-F8BC-4206-AB62-19A1FC1F9B71}.Release|Any CPU.ActiveCfg = Release|iPhoneSimulator
		{DE59478D-F8BC-4206-AB62-19A1FC1F9B71}.Release|ARM.ActiveCfg = Release|iPhoneSimulator
		{DE59478D-F8BC-4206-AB62-19A1FC1F9B71}.Release|ARM64.ActiveCfg = Release|iPhoneSimulator
		{DE59478D-F8BC-4206-AB62-19A1FC1F9B71}.Release|iPhone.ActiveCfg = Release|iPhone
		{DE59478D-F8BC-4206-AB62-19A1FC1F9B71}.Release|iPhone.Build.0 = Release|iPhone
		{DE59478D-F8BC-4206-AB62-19A1FC1F9B71}.Release|iPhoneSimulator.ActiveCfg = Release|iPhoneSimulator
		{DE59478D-F8BC-4206-AB62-19A1FC1F9B71}.Release|iPhoneSimulator.Build.0 = Release|iPhoneSimulator
		{DE59478D-F8BC-4206-AB62-19A1FC1F9B71}.Release|x64.ActiveCfg = Release|iPhoneSimulator
		{DE59478D-F8BC-4206-AB62-19A1FC1F9B71}.Release|x86.ActiveCfg = Release|iPhoneSimulator
		{C38FB5C6-4B37-4038-A42F-CA0A36897266}.Ad-Hoc|Any CPU.ActiveCfg = Debug|x86
		{C38FB5C6-4B37-4038-A42F-CA0A36897266}.Ad-Hoc|Any CPU.Build.0 = Debug|x86
		{C38FB5C6-4B37-4038-A42F-CA0A36897266}.Ad-Hoc|Any CPU.Deploy.0 = Debug|x86
		{C38FB5C6-4B37-4038-A42F-CA0A36897266}.Ad-Hoc|ARM.ActiveCfg = Debug|ARM
		{C38FB5C6-4B37-4038-A42F-CA0A36897266}.Ad-Hoc|ARM.Build.0 = Debug|ARM
		{C38FB5C6-4B37-4038-A42F-CA0A36897266}.Ad-Hoc|ARM.Deploy.0 = Debug|ARM
		{C38FB5C6-4B37-4038-A42F-CA0A36897266}.Ad-Hoc|ARM64.ActiveCfg = Debug|ARM64
		{C38FB5C6-4B37-4038-A42F-CA0A36897266}.Ad-Hoc|ARM64.Build.0 = Debug|ARM64
		{C38FB5C6-4B37-4038-A42F-CA0A36897266}.Ad-Hoc|ARM64.Deploy.0 = Debug|ARM64
		{C38FB5C6-4B37-4038-A42F-CA0A36897266}.Ad-Hoc|iPhone.ActiveCfg = Debug|x86
		{C38FB5C6-4B37-4038-A42F-CA0A36897266}.Ad-Hoc|iPhone.Build.0 = Debug|x86
		{C38FB5C6-4B37-4038-A42F-CA0A36897266}.Ad-Hoc|iPhone.Deploy.0 = Debug|x86
		{C38FB5C6-4B37-4038-A42F-CA0A36897266}.Ad-Hoc|iPhoneSimulator.ActiveCfg = Debug|x86
		{C38FB5C6-4B37-4038-A42F-CA0A36897266}.Ad-Hoc|iPhoneSimulator.Build.0 = Debug|x86
		{C38FB5C6-4B37-4038-A42F-CA0A36897266}.Ad-Hoc|iPhoneSimulator.Deploy.0 = Debug|x86
		{C38FB5C6-4B37-4038-A42F-CA0A36897266}.Ad-Hoc|x64.ActiveCfg = Debug|x64
		{C38FB5C6-4B37-4038-A42F-CA0A36897266}.Ad-Hoc|x64.Build.0 = Debug|x64
		{C38FB5C6-4B37-4038-A42F-CA0A36897266}.Ad-Hoc|x64.Deploy.0 = Debug|x64
		{C38FB5C6-4B37-4038-A42F-CA0A36897266}.Ad-Hoc|x86.ActiveCfg = Debug|x86
		{C38FB5C6-4B37-4038-A42F-CA0A36897266}.Ad-Hoc|x86.Build.0 = Debug|x86
		{C38FB5C6-4B37-4038-A42F-CA0A36897266}.Ad-Hoc|x86.Deploy.0 = Debug|x86
		{C38FB5C6-4B37-4038-A42F-CA0A36897266}.AppStore|Any CPU.ActiveCfg = Debug|x86
		{C38FB5C6-4B37-4038-A42F-CA0A36897266}.AppStore|Any CPU.Build.0 = Debug|x86
		{C38FB5C6-4B37-4038-A42F-CA0A36897266}.AppStore|Any CPU.Deploy.0 = Debug|x86
		{C38FB5C6-4B37-4038-A42F-CA0A36897266}.AppStore|ARM.ActiveCfg = Debug|ARM
		{C38FB5C6-4B37-4038-A42F-CA0A36897266}.AppStore|ARM.Build.0 = Debug|ARM
		{C38FB5C6-4B37-4038-A42F-CA0A36897266}.AppStore|ARM.Deploy.0 = Debug|ARM
		{C38FB5C6-4B37-4038-A42F-CA0A36897266}.AppStore|ARM64.ActiveCfg = Debug|ARM64
		{C38FB5C6-4B37-4038-A42F-CA0A36897266}.AppStore|ARM64.Build.0 = Debug|ARM64
		{C38FB5C6-4B37-4038-A42F-CA0A36897266}.AppStore|ARM64.Deploy.0 = Debug|ARM64
		{C38FB5C6-4B37-4038-A42F-CA0A36897266}.AppStore|iPhone.ActiveCfg = Debug|x86
		{C38FB5C6-4B37-4038-A42F-CA0A36897266}.AppStore|iPhone.Build.0 = Debug|x86
		{C38FB5C6-4B37-4038-A42F-CA0A36897266}.AppStore|iPhone.Deploy.0 = Debug|x86
		{C38FB5C6-4B37-4038-A42F-CA0A36897266}.AppStore|iPhoneSimulator.ActiveCfg = Debug|x86
		{C38FB5C6-4B37-4038-A42F-CA0A36897266}.AppStore|iPhoneSimulator.Build.0 = Debug|x86
		{C38FB5C6-4B37-4038-A42F-CA0A36897266}.AppStore|iPhoneSimulator.Deploy.0 = Debug|x86
		{C38FB5C6-4B37-4038-A42F-CA0A36897266}.AppStore|x64.ActiveCfg = Debug|x64
		{C38FB5C6-4B37-4038-A42F-CA0A36897266}.AppStore|x64.Build.0 = Debug|x64
		{C38FB5C6-4B37-4038-A42F-CA0A36897266}.AppStore|x64.Deploy.0 = Debug|x64
		{C38FB5C6-4B37-4038-A42F-CA0A36897266}.AppStore|x86.ActiveCfg = Debug|x86
		{C38FB5C6-4B37-4038-A42F-CA0A36897266}.AppStore|x86.Build.0 = Debug|x86
		{C38FB5C6-4B37-4038-A42F-CA0A36897266}.AppStore|x86.Deploy.0 = Debug|x86
		{C38FB5C6-4B37-4038-A42F-CA0A36897266}.Debug|Any CPU.ActiveCfg = Debug|x86
		{C38FB5C6-4B37-4038-A42F-CA0A36897266}.Debug|Any CPU.Build.0 = Debug|x86
		{C38FB5C6-4B37-4038-A42F-CA0A36897266}.Debug|Any CPU.Deploy.0 = Debug|x86
		{C38FB5C6-4B37-4038-A42F-CA0A36897266}.Debug|ARM.ActiveCfg = Debug|ARM
		{C38FB5C6-4B37-4038-A42F-CA0A36897266}.Debug|ARM.Build.0 = Debug|ARM
		{C38FB5C6-4B37-4038-A42F-CA0A36897266}.Debug|ARM.Deploy.0 = Debug|ARM
		{C38FB5C6-4B37-4038-A42F-CA0A36897266}.Debug|ARM64.ActiveCfg = Debug|ARM64
		{C38FB5C6-4B37-4038-A42F-CA0A36897266}.Debug|ARM64.Build.0 = Debug|ARM64
		{C38FB5C6-4B37-4038-A42F-CA0A36897266}.Debug|ARM64.Deploy.0 = Debug|ARM64
		{C38FB5C6-4B37-4038-A42F-CA0A36897266}.Debug|iPhone.ActiveCfg = Debug|x86
		{C38FB5C6-4B37-4038-A42F-CA0A36897266}.Debug|iPhoneSimulator.ActiveCfg = Debug|x86
		{C38FB5C6-4B37-4038-A42F-CA0A36897266}.Debug|x64.ActiveCfg = Debug|x64
		{C38FB5C6-4B37-4038-A42F-CA0A36897266}.Debug|x64.Build.0 = Debug|x64
		{C38FB5C6-4B37-4038-A42F-CA0A36897266}.Debug|x64.Deploy.0 = Debug|x64
		{C38FB5C6-4B37-4038-A42F-CA0A36897266}.Debug|x86.ActiveCfg = Debug|x86
		{C38FB5C6-4B37-4038-A42F-CA0A36897266}.Debug|x86.Build.0 = Debug|x86
		{C38FB5C6-4B37-4038-A42F-CA0A36897266}.Debug|x86.Deploy.0 = Debug|x86
		{C38FB5C6-4B37-4038-A42F-CA0A36897266}.Release|Any CPU.ActiveCfg = Release|x86
		{C38FB5C6-4B37-4038-A42F-CA0A36897266}.Release|ARM.ActiveCfg = Release|ARM
		{C38FB5C6-4B37-4038-A42F-CA0A36897266}.Release|ARM.Build.0 = Release|ARM
		{C38FB5C6-4B37-4038-A42F-CA0A36897266}.Release|ARM.Deploy.0 = Release|ARM
		{C38FB5C6-4B37-4038-A42F-CA0A36897266}.Release|ARM64.ActiveCfg = Release|ARM64
		{C38FB5C6-4B37-4038-A42F-CA0A36897266}.Release|ARM64.Build.0 = Release|ARM64
		{C38FB5C6-4B37-4038-A42F-CA0A36897266}.Release|ARM64.Deploy.0 = Release|ARM64
		{C38FB5C6-4B37-4038-A42F-CA0A36897266}.Release|iPhone.ActiveCfg = Release|x86
		{C38FB5C6-4B37-4038-A42F-CA0A36897266}.Release|iPhoneSimulator.ActiveCfg = Release|x86
		{C38FB5C6-4B37-4038-A42F-CA0A36897266}.Release|x64.ActiveCfg = Release|x64
		{C38FB5C6-4B37-4038-A42F-CA0A36897266}.Release|x64.Build.0 = Release|x64
		{C38FB5C6-4B37-4038-A42F-CA0A36897266}.Release|x64.Deploy.0 = Release|x64
		{C38FB5C6-4B37-4038-A42F-CA0A36897266}.Release|x86.ActiveCfg = Release|x86
		{C38FB5C6-4B37-4038-A42F-CA0A36897266}.Release|x86.Build.0 = Release|x86
		{C38FB5C6-4B37-4038-A42F-CA0A36897266}.Release|x86.Deploy.0 = Release|x86
		{B18381C5-3FEE-4B53-94CD-39198A83A61A}.Ad-Hoc|Any CPU.ActiveCfg = Debug|iPhoneSimulator
		{B18381C5-3FEE-4B53-94CD-39198A83A61A}.Ad-Hoc|Any CPU.Build.0 = Debug|iPhoneSimulator
		{B18381C5-3FEE-4B53-94CD-39198A83A61A}.Ad-Hoc|ARM.ActiveCfg = Debug|iPhoneSimulator
		{B18381C5-3FEE-4B53-94CD-39198A83A61A}.Ad-Hoc|ARM.Build.0 = Debug|iPhoneSimulator
		{B18381C5-3FEE-4B53-94CD-39198A83A61A}.Ad-Hoc|ARM64.ActiveCfg = Debug|iPhoneSimulator
		{B18381C5-3FEE-4B53-94CD-39198A83A61A}.Ad-Hoc|ARM64.Build.0 = Debug|iPhoneSimulator
		{B18381C5-3FEE-4B53-94CD-39198A83A61A}.Ad-Hoc|iPhone.ActiveCfg = Debug|iPhoneSimulator
		{B18381C5-3FEE-4B53-94CD-39198A83A61A}.Ad-Hoc|iPhone.Build.0 = Debug|iPhoneSimulator
		{B18381C5-3FEE-4B53-94CD-39198A83A61A}.Ad-Hoc|iPhoneSimulator.ActiveCfg = Debug|iPhoneSimulator
		{B18381C5-3FEE-4B53-94CD-39198A83A61A}.Ad-Hoc|iPhoneSimulator.Build.0 = Debug|iPhoneSimulator
		{B18381C5-3FEE-4B53-94CD-39198A83A61A}.Ad-Hoc|x64.ActiveCfg = Debug|iPhoneSimulator
		{B18381C5-3FEE-4B53-94CD-39198A83A61A}.Ad-Hoc|x64.Build.0 = Debug|iPhoneSimulator
		{B18381C5-3FEE-4B53-94CD-39198A83A61A}.Ad-Hoc|x86.ActiveCfg = Debug|iPhoneSimulator
		{B18381C5-3FEE-4B53-94CD-39198A83A61A}.Ad-Hoc|x86.Build.0 = Debug|iPhoneSimulator
		{B18381C5-3FEE-4B53-94CD-39198A83A61A}.AppStore|Any CPU.ActiveCfg = Debug|iPhoneSimulator
		{B18381C5-3FEE-4B53-94CD-39198A83A61A}.AppStore|Any CPU.Build.0 = Debug|iPhoneSimulator
		{B18381C5-3FEE-4B53-94CD-39198A83A61A}.AppStore|ARM.ActiveCfg = Debug|iPhoneSimulator
		{B18381C5-3FEE-4B53-94CD-39198A83A61A}.AppStore|ARM.Build.0 = Debug|iPhoneSimulator
		{B18381C5-3FEE-4B53-94CD-39198A83A61A}.AppStore|ARM64.ActiveCfg = Debug|iPhoneSimulator
		{B18381C5-3FEE-4B53-94CD-39198A83A61A}.AppStore|ARM64.Build.0 = Debug|iPhoneSimulator
		{B18381C5-3FEE-4B53-94CD-39198A83A61A}.AppStore|iPhone.ActiveCfg = Debug|iPhoneSimulator
		{B18381C5-3FEE-4B53-94CD-39198A83A61A}.AppStore|iPhone.Build.0 = Debug|iPhoneSimulator
		{B18381C5-3FEE-4B53-94CD-39198A83A61A}.AppStore|iPhoneSimulator.ActiveCfg = Debug|iPhoneSimulator
		{B18381C5-3FEE-4B53-94CD-39198A83A61A}.AppStore|iPhoneSimulator.Build.0 = Debug|iPhoneSimulator
		{B18381C5-3FEE-4B53-94CD-39198A83A61A}.AppStore|x64.ActiveCfg = Debug|iPhoneSimulator
		{B18381C5-3FEE-4B53-94CD-39198A83A61A}.AppStore|x64.Build.0 = Debug|iPhoneSimulator
		{B18381C5-3FEE-4B53-94CD-39198A83A61A}.AppStore|x86.ActiveCfg = Debug|iPhoneSimulator
		{B18381C5-3FEE-4B53-94CD-39198A83A61A}.AppStore|x86.Build.0 = Debug|iPhoneSimulator
		{B18381C5-3FEE-4B53-94CD-39198A83A61A}.Debug|Any CPU.ActiveCfg = Debug|iPhoneSimulator
		{B18381C5-3FEE-4B53-94CD-39198A83A61A}.Debug|ARM.ActiveCfg = Debug|iPhoneSimulator
		{B18381C5-3FEE-4B53-94CD-39198A83A61A}.Debug|ARM64.ActiveCfg = Debug|iPhoneSimulator
		{B18381C5-3FEE-4B53-94CD-39198A83A61A}.Debug|iPhone.ActiveCfg = Debug|iPhoneSimulator
		{B18381C5-3FEE-4B53-94CD-39198A83A61A}.Debug|iPhoneSimulator.ActiveCfg = Debug|iPhoneSimulator
		{B18381C5-3FEE-4B53-94CD-39198A83A61A}.Debug|iPhoneSimulator.Build.0 = Debug|iPhoneSimulator
		{B18381C5-3FEE-4B53-94CD-39198A83A61A}.Debug|x64.ActiveCfg = Debug|iPhoneSimulator
		{B18381C5-3FEE-4B53-94CD-39198A83A61A}.Debug|x86.ActiveCfg = Debug|iPhoneSimulator
		{B18381C5-3FEE-4B53-94CD-39198A83A61A}.Release|Any CPU.ActiveCfg = Release|iPhoneSimulator
		{B18381C5-3FEE-4B53-94CD-39198A83A61A}.Release|ARM.ActiveCfg = Release|iPhoneSimulator
		{B18381C5-3FEE-4B53-94CD-39198A83A61A}.Release|ARM64.ActiveCfg = Release|iPhoneSimulator
		{B18381C5-3FEE-4B53-94CD-39198A83A61A}.Release|iPhone.ActiveCfg = Release|iPhoneSimulator
		{B18381C5-3FEE-4B53-94CD-39198A83A61A}.Release|iPhoneSimulator.ActiveCfg = Release|iPhoneSimulator
		{B18381C5-3FEE-4B53-94CD-39198A83A61A}.Release|iPhoneSimulator.Build.0 = Release|iPhoneSimulator
		{B18381C5-3FEE-4B53-94CD-39198A83A61A}.Release|x64.ActiveCfg = Release|iPhoneSimulator
		{B18381C5-3FEE-4B53-94CD-39198A83A61A}.Release|x86.ActiveCfg = Release|iPhoneSimulator
		{0889F86F-26A6-43EF-89AC-3962D55C800B}.Ad-Hoc|Any CPU.ActiveCfg = Debug|Any CPU
		{0889F86F-26A6-43EF-89AC-3962D55C800B}.Ad-Hoc|Any CPU.Build.0 = Debug|Any CPU
		{0889F86F-26A6-43EF-89AC-3962D55C800B}.Ad-Hoc|ARM.ActiveCfg = Debug|Any CPU
		{0889F86F-26A6-43EF-89AC-3962D55C800B}.Ad-Hoc|ARM.Build.0 = Debug|Any CPU
		{0889F86F-26A6-43EF-89AC-3962D55C800B}.Ad-Hoc|ARM64.ActiveCfg = Debug|Any CPU
		{0889F86F-26A6-43EF-89AC-3962D55C800B}.Ad-Hoc|ARM64.Build.0 = Debug|Any CPU
		{0889F86F-26A6-43EF-89AC-3962D55C800B}.Ad-Hoc|iPhone.ActiveCfg = Debug|Any CPU
		{0889F86F-26A6-43EF-89AC-3962D55C800B}.Ad-Hoc|iPhone.Build.0 = Debug|Any CPU
		{0889F86F-26A6-43EF-89AC-3962D55C800B}.Ad-Hoc|iPhoneSimulator.ActiveCfg = Debug|Any CPU
		{0889F86F-26A6-43EF-89AC-3962D55C800B}.Ad-Hoc|iPhoneSimulator.Build.0 = Debug|Any CPU
		{0889F86F-26A6-43EF-89AC-3962D55C800B}.Ad-Hoc|x64.ActiveCfg = Debug|Any CPU
		{0889F86F-26A6-43EF-89AC-3962D55C800B}.Ad-Hoc|x64.Build.0 = Debug|Any CPU
		{0889F86F-26A6-43EF-89AC-3962D55C800B}.Ad-Hoc|x86.ActiveCfg = Debug|Any CPU
		{0889F86F-26A6-43EF-89AC-3962D55C800B}.Ad-Hoc|x86.Build.0 = Debug|Any CPU
		{0889F86F-26A6-43EF-89AC-3962D55C800B}.AppStore|Any CPU.ActiveCfg = Debug|Any CPU
		{0889F86F-26A6-43EF-89AC-3962D55C800B}.AppStore|Any CPU.Build.0 = Debug|Any CPU
		{0889F86F-26A6-43EF-89AC-3962D55C800B}.AppStore|ARM.ActiveCfg = Debug|Any CPU
		{0889F86F-26A6-43EF-89AC-3962D55C800B}.AppStore|ARM.Build.0 = Debug|Any CPU
		{0889F86F-26A6-43EF-89AC-3962D55C800B}.AppStore|ARM64.ActiveCfg = Debug|Any CPU
		{0889F86F-26A6-43EF-89AC-3962D55C800B}.AppStore|ARM64.Build.0 = Debug|Any CPU
		{0889F86F-26A6-43EF-89AC-3962D55C800B}.AppStore|iPhone.ActiveCfg = Debug|Any CPU
		{0889F86F-26A6-43EF-89AC-3962D55C800B}.AppStore|iPhone.Build.0 = Debug|Any CPU
		{0889F86F-26A6-43EF-89AC-3962D55C800B}.AppStore|iPhoneSimulator.ActiveCfg = Debug|Any CPU
		{0889F86F-26A6-43EF-89AC-3962D55C800B}.AppStore|iPhoneSimulator.Build.0 = Debug|Any CPU
		{0889F86F-26A6-43EF-89AC-3962D55C800B}.AppStore|x64.ActiveCfg = Debug|Any CPU
		{0889F86F-26A6-43EF-89AC-3962D55C800B}.AppStore|x64.Build.0 = Debug|Any CPU
		{0889F86F-26A6-43EF-89AC-3962D55C800B}.AppStore|x86.ActiveCfg = Debug|Any CPU
		{0889F86F-26A6-43EF-89AC-3962D55C800B}.AppStore|x86.Build.0 = Debug|Any CPU
		{0889F86F-26A6-43EF-89AC-3962D55C800B}.Debug|Any CPU.ActiveCfg = Debug|Any CPU
		{0889F86F-26A6-43EF-89AC-3962D55C800B}.Debug|Any CPU.Build.0 = Debug|Any CPU
		{0889F86F-26A6-43EF-89AC-3962D55C800B}.Debug|ARM.ActiveCfg = Debug|Any CPU
		{0889F86F-26A6-43EF-89AC-3962D55C800B}.Debug|ARM.Build.0 = Debug|Any CPU
		{0889F86F-26A6-43EF-89AC-3962D55C800B}.Debug|ARM64.ActiveCfg = Debug|Any CPU
		{0889F86F-26A6-43EF-89AC-3962D55C800B}.Debug|ARM64.Build.0 = Debug|Any CPU
		{0889F86F-26A6-43EF-89AC-3962D55C800B}.Debug|iPhone.ActiveCfg = Debug|Any CPU
		{0889F86F-26A6-43EF-89AC-3962D55C800B}.Debug|iPhone.Build.0 = Debug|Any CPU
		{0889F86F-26A6-43EF-89AC-3962D55C800B}.Debug|iPhoneSimulator.ActiveCfg = Debug|Any CPU
		{0889F86F-26A6-43EF-89AC-3962D55C800B}.Debug|iPhoneSimulator.Build.0 = Debug|Any CPU
		{0889F86F-26A6-43EF-89AC-3962D55C800B}.Debug|x64.ActiveCfg = Debug|Any CPU
		{0889F86F-26A6-43EF-89AC-3962D55C800B}.Debug|x64.Build.0 = Debug|Any CPU
		{0889F86F-26A6-43EF-89AC-3962D55C800B}.Debug|x86.ActiveCfg = Debug|Any CPU
		{0889F86F-26A6-43EF-89AC-3962D55C800B}.Debug|x86.Build.0 = Debug|Any CPU
		{0889F86F-26A6-43EF-89AC-3962D55C800B}.Release|Any CPU.ActiveCfg = Release|Any CPU
		{0889F86F-26A6-43EF-89AC-3962D55C800B}.Release|Any CPU.Build.0 = Release|Any CPU
		{0889F86F-26A6-43EF-89AC-3962D55C800B}.Release|ARM.ActiveCfg = Release|Any CPU
		{0889F86F-26A6-43EF-89AC-3962D55C800B}.Release|ARM.Build.0 = Release|Any CPU
		{0889F86F-26A6-43EF-89AC-3962D55C800B}.Release|ARM64.ActiveCfg = Release|Any CPU
		{0889F86F-26A6-43EF-89AC-3962D55C800B}.Release|ARM64.Build.0 = Release|Any CPU
		{0889F86F-26A6-43EF-89AC-3962D55C800B}.Release|iPhone.ActiveCfg = Release|Any CPU
		{0889F86F-26A6-43EF-89AC-3962D55C800B}.Release|iPhone.Build.0 = Release|Any CPU
		{0889F86F-26A6-43EF-89AC-3962D55C800B}.Release|iPhoneSimulator.ActiveCfg = Release|Any CPU
		{0889F86F-26A6-43EF-89AC-3962D55C800B}.Release|iPhoneSimulator.Build.0 = Release|Any CPU
		{0889F86F-26A6-43EF-89AC-3962D55C800B}.Release|x64.ActiveCfg = Release|Any CPU
		{0889F86F-26A6-43EF-89AC-3962D55C800B}.Release|x64.Build.0 = Release|Any CPU
		{0889F86F-26A6-43EF-89AC-3962D55C800B}.Release|x86.ActiveCfg = Release|Any CPU
		{0889F86F-26A6-43EF-89AC-3962D55C800B}.Release|x86.Build.0 = Release|Any CPU
		{0F9B4540-9056-4B47-9CF8-EEE92CC30474}.Ad-Hoc|Any CPU.ActiveCfg = Debug|Any CPU
		{0F9B4540-9056-4B47-9CF8-EEE92CC30474}.Ad-Hoc|Any CPU.Build.0 = Debug|Any CPU
		{0F9B4540-9056-4B47-9CF8-EEE92CC30474}.Ad-Hoc|ARM.ActiveCfg = Debug|Any CPU
		{0F9B4540-9056-4B47-9CF8-EEE92CC30474}.Ad-Hoc|ARM.Build.0 = Debug|Any CPU
		{0F9B4540-9056-4B47-9CF8-EEE92CC30474}.Ad-Hoc|ARM64.ActiveCfg = Debug|Any CPU
		{0F9B4540-9056-4B47-9CF8-EEE92CC30474}.Ad-Hoc|ARM64.Build.0 = Debug|Any CPU
		{0F9B4540-9056-4B47-9CF8-EEE92CC30474}.Ad-Hoc|iPhone.ActiveCfg = Debug|Any CPU
		{0F9B4540-9056-4B47-9CF8-EEE92CC30474}.Ad-Hoc|iPhone.Build.0 = Debug|Any CPU
		{0F9B4540-9056-4B47-9CF8-EEE92CC30474}.Ad-Hoc|iPhoneSimulator.ActiveCfg = Debug|Any CPU
		{0F9B4540-9056-4B47-9CF8-EEE92CC30474}.Ad-Hoc|iPhoneSimulator.Build.0 = Debug|Any CPU
		{0F9B4540-9056-4B47-9CF8-EEE92CC30474}.Ad-Hoc|x64.ActiveCfg = Debug|Any CPU
		{0F9B4540-9056-4B47-9CF8-EEE92CC30474}.Ad-Hoc|x64.Build.0 = Debug|Any CPU
		{0F9B4540-9056-4B47-9CF8-EEE92CC30474}.Ad-Hoc|x86.ActiveCfg = Debug|Any CPU
		{0F9B4540-9056-4B47-9CF8-EEE92CC30474}.Ad-Hoc|x86.Build.0 = Debug|Any CPU
		{0F9B4540-9056-4B47-9CF8-EEE92CC30474}.AppStore|Any CPU.ActiveCfg = Debug|Any CPU
		{0F9B4540-9056-4B47-9CF8-EEE92CC30474}.AppStore|Any CPU.Build.0 = Debug|Any CPU
		{0F9B4540-9056-4B47-9CF8-EEE92CC30474}.AppStore|ARM.ActiveCfg = Debug|Any CPU
		{0F9B4540-9056-4B47-9CF8-EEE92CC30474}.AppStore|ARM.Build.0 = Debug|Any CPU
		{0F9B4540-9056-4B47-9CF8-EEE92CC30474}.AppStore|ARM64.ActiveCfg = Debug|Any CPU
		{0F9B4540-9056-4B47-9CF8-EEE92CC30474}.AppStore|ARM64.Build.0 = Debug|Any CPU
		{0F9B4540-9056-4B47-9CF8-EEE92CC30474}.AppStore|iPhone.ActiveCfg = Debug|Any CPU
		{0F9B4540-9056-4B47-9CF8-EEE92CC30474}.AppStore|iPhone.Build.0 = Debug|Any CPU
		{0F9B4540-9056-4B47-9CF8-EEE92CC30474}.AppStore|iPhoneSimulator.ActiveCfg = Debug|Any CPU
		{0F9B4540-9056-4B47-9CF8-EEE92CC30474}.AppStore|iPhoneSimulator.Build.0 = Debug|Any CPU
		{0F9B4540-9056-4B47-9CF8-EEE92CC30474}.AppStore|x64.ActiveCfg = Debug|Any CPU
		{0F9B4540-9056-4B47-9CF8-EEE92CC30474}.AppStore|x64.Build.0 = Debug|Any CPU
		{0F9B4540-9056-4B47-9CF8-EEE92CC30474}.AppStore|x86.ActiveCfg = Debug|Any CPU
		{0F9B4540-9056-4B47-9CF8-EEE92CC30474}.AppStore|x86.Build.0 = Debug|Any CPU
		{0F9B4540-9056-4B47-9CF8-EEE92CC30474}.Debug|Any CPU.ActiveCfg = Debug|Any CPU
		{0F9B4540-9056-4B47-9CF8-EEE92CC30474}.Debug|Any CPU.Build.0 = Debug|Any CPU
		{0F9B4540-9056-4B47-9CF8-EEE92CC30474}.Debug|ARM.ActiveCfg = Debug|Any CPU
		{0F9B4540-9056-4B47-9CF8-EEE92CC30474}.Debug|ARM.Build.0 = Debug|Any CPU
		{0F9B4540-9056-4B47-9CF8-EEE92CC30474}.Debug|ARM64.ActiveCfg = Debug|Any CPU
		{0F9B4540-9056-4B47-9CF8-EEE92CC30474}.Debug|ARM64.Build.0 = Debug|Any CPU
		{0F9B4540-9056-4B47-9CF8-EEE92CC30474}.Debug|iPhone.ActiveCfg = Debug|Any CPU
		{0F9B4540-9056-4B47-9CF8-EEE92CC30474}.Debug|iPhone.Build.0 = Debug|Any CPU
		{0F9B4540-9056-4B47-9CF8-EEE92CC30474}.Debug|iPhoneSimulator.ActiveCfg = Debug|Any CPU
		{0F9B4540-9056-4B47-9CF8-EEE92CC30474}.Debug|iPhoneSimulator.Build.0 = Debug|Any CPU
		{0F9B4540-9056-4B47-9CF8-EEE92CC30474}.Debug|x64.ActiveCfg = Debug|Any CPU
		{0F9B4540-9056-4B47-9CF8-EEE92CC30474}.Debug|x64.Build.0 = Debug|Any CPU
		{0F9B4540-9056-4B47-9CF8-EEE92CC30474}.Debug|x86.ActiveCfg = Debug|Any CPU
		{0F9B4540-9056-4B47-9CF8-EEE92CC30474}.Debug|x86.Build.0 = Debug|Any CPU
		{0F9B4540-9056-4B47-9CF8-EEE92CC30474}.Release|Any CPU.ActiveCfg = Release|Any CPU
		{0F9B4540-9056-4B47-9CF8-EEE92CC30474}.Release|Any CPU.Build.0 = Release|Any CPU
		{0F9B4540-9056-4B47-9CF8-EEE92CC30474}.Release|ARM.ActiveCfg = Release|Any CPU
		{0F9B4540-9056-4B47-9CF8-EEE92CC30474}.Release|ARM.Build.0 = Release|Any CPU
		{0F9B4540-9056-4B47-9CF8-EEE92CC30474}.Release|ARM64.ActiveCfg = Release|Any CPU
		{0F9B4540-9056-4B47-9CF8-EEE92CC30474}.Release|ARM64.Build.0 = Release|Any CPU
		{0F9B4540-9056-4B47-9CF8-EEE92CC30474}.Release|iPhone.ActiveCfg = Release|Any CPU
		{0F9B4540-9056-4B47-9CF8-EEE92CC30474}.Release|iPhone.Build.0 = Release|Any CPU
		{0F9B4540-9056-4B47-9CF8-EEE92CC30474}.Release|iPhoneSimulator.ActiveCfg = Release|Any CPU
		{0F9B4540-9056-4B47-9CF8-EEE92CC30474}.Release|iPhoneSimulator.Build.0 = Release|Any CPU
		{0F9B4540-9056-4B47-9CF8-EEE92CC30474}.Release|x64.ActiveCfg = Release|Any CPU
		{0F9B4540-9056-4B47-9CF8-EEE92CC30474}.Release|x64.Build.0 = Release|Any CPU
		{0F9B4540-9056-4B47-9CF8-EEE92CC30474}.Release|x86.ActiveCfg = Release|Any CPU
		{0F9B4540-9056-4B47-9CF8-EEE92CC30474}.Release|x86.Build.0 = Release|Any CPU
		{E8FBEAA6-3DAA-4EE3-B17F-1FCEF7AD84A4}.Ad-Hoc|Any CPU.ActiveCfg = Debug|Any CPU
		{E8FBEAA6-3DAA-4EE3-B17F-1FCEF7AD84A4}.Ad-Hoc|Any CPU.Build.0 = Debug|Any CPU
		{E8FBEAA6-3DAA-4EE3-B17F-1FCEF7AD84A4}.Ad-Hoc|ARM.ActiveCfg = Debug|Any CPU
		{E8FBEAA6-3DAA-4EE3-B17F-1FCEF7AD84A4}.Ad-Hoc|ARM.Build.0 = Debug|Any CPU
		{E8FBEAA6-3DAA-4EE3-B17F-1FCEF7AD84A4}.Ad-Hoc|ARM64.ActiveCfg = Debug|Any CPU
		{E8FBEAA6-3DAA-4EE3-B17F-1FCEF7AD84A4}.Ad-Hoc|ARM64.Build.0 = Debug|Any CPU
		{E8FBEAA6-3DAA-4EE3-B17F-1FCEF7AD84A4}.Ad-Hoc|iPhone.ActiveCfg = Debug|Any CPU
		{E8FBEAA6-3DAA-4EE3-B17F-1FCEF7AD84A4}.Ad-Hoc|iPhone.Build.0 = Debug|Any CPU
		{E8FBEAA6-3DAA-4EE3-B17F-1FCEF7AD84A4}.Ad-Hoc|iPhoneSimulator.ActiveCfg = Debug|Any CPU
		{E8FBEAA6-3DAA-4EE3-B17F-1FCEF7AD84A4}.Ad-Hoc|iPhoneSimulator.Build.0 = Debug|Any CPU
		{E8FBEAA6-3DAA-4EE3-B17F-1FCEF7AD84A4}.Ad-Hoc|x64.ActiveCfg = Debug|Any CPU
		{E8FBEAA6-3DAA-4EE3-B17F-1FCEF7AD84A4}.Ad-Hoc|x64.Build.0 = Debug|Any CPU
		{E8FBEAA6-3DAA-4EE3-B17F-1FCEF7AD84A4}.Ad-Hoc|x86.ActiveCfg = Debug|Any CPU
		{E8FBEAA6-3DAA-4EE3-B17F-1FCEF7AD84A4}.Ad-Hoc|x86.Build.0 = Debug|Any CPU
		{E8FBEAA6-3DAA-4EE3-B17F-1FCEF7AD84A4}.AppStore|Any CPU.ActiveCfg = Debug|Any CPU
		{E8FBEAA6-3DAA-4EE3-B17F-1FCEF7AD84A4}.AppStore|Any CPU.Build.0 = Debug|Any CPU
		{E8FBEAA6-3DAA-4EE3-B17F-1FCEF7AD84A4}.AppStore|ARM.ActiveCfg = Debug|Any CPU
		{E8FBEAA6-3DAA-4EE3-B17F-1FCEF7AD84A4}.AppStore|ARM.Build.0 = Debug|Any CPU
		{E8FBEAA6-3DAA-4EE3-B17F-1FCEF7AD84A4}.AppStore|ARM64.ActiveCfg = Debug|Any CPU
		{E8FBEAA6-3DAA-4EE3-B17F-1FCEF7AD84A4}.AppStore|ARM64.Build.0 = Debug|Any CPU
		{E8FBEAA6-3DAA-4EE3-B17F-1FCEF7AD84A4}.AppStore|iPhone.ActiveCfg = Debug|Any CPU
		{E8FBEAA6-3DAA-4EE3-B17F-1FCEF7AD84A4}.AppStore|iPhone.Build.0 = Debug|Any CPU
		{E8FBEAA6-3DAA-4EE3-B17F-1FCEF7AD84A4}.AppStore|iPhoneSimulator.ActiveCfg = Debug|Any CPU
		{E8FBEAA6-3DAA-4EE3-B17F-1FCEF7AD84A4}.AppStore|iPhoneSimulator.Build.0 = Debug|Any CPU
		{E8FBEAA6-3DAA-4EE3-B17F-1FCEF7AD84A4}.AppStore|x64.ActiveCfg = Debug|Any CPU
		{E8FBEAA6-3DAA-4EE3-B17F-1FCEF7AD84A4}.AppStore|x64.Build.0 = Debug|Any CPU
		{E8FBEAA6-3DAA-4EE3-B17F-1FCEF7AD84A4}.AppStore|x86.ActiveCfg = Debug|Any CPU
		{E8FBEAA6-3DAA-4EE3-B17F-1FCEF7AD84A4}.AppStore|x86.Build.0 = Debug|Any CPU
		{E8FBEAA6-3DAA-4EE3-B17F-1FCEF7AD84A4}.Debug|Any CPU.ActiveCfg = Debug|Any CPU
		{E8FBEAA6-3DAA-4EE3-B17F-1FCEF7AD84A4}.Debug|Any CPU.Build.0 = Debug|Any CPU
		{E8FBEAA6-3DAA-4EE3-B17F-1FCEF7AD84A4}.Debug|ARM.ActiveCfg = Debug|Any CPU
		{E8FBEAA6-3DAA-4EE3-B17F-1FCEF7AD84A4}.Debug|ARM.Build.0 = Debug|Any CPU
		{E8FBEAA6-3DAA-4EE3-B17F-1FCEF7AD84A4}.Debug|ARM64.ActiveCfg = Debug|Any CPU
		{E8FBEAA6-3DAA-4EE3-B17F-1FCEF7AD84A4}.Debug|ARM64.Build.0 = Debug|Any CPU
		{E8FBEAA6-3DAA-4EE3-B17F-1FCEF7AD84A4}.Debug|iPhone.ActiveCfg = Debug|Any CPU
		{E8FBEAA6-3DAA-4EE3-B17F-1FCEF7AD84A4}.Debug|iPhone.Build.0 = Debug|Any CPU
		{E8FBEAA6-3DAA-4EE3-B17F-1FCEF7AD84A4}.Debug|iPhoneSimulator.ActiveCfg = Debug|Any CPU
		{E8FBEAA6-3DAA-4EE3-B17F-1FCEF7AD84A4}.Debug|iPhoneSimulator.Build.0 = Debug|Any CPU
		{E8FBEAA6-3DAA-4EE3-B17F-1FCEF7AD84A4}.Debug|x64.ActiveCfg = Debug|Any CPU
		{E8FBEAA6-3DAA-4EE3-B17F-1FCEF7AD84A4}.Debug|x64.Build.0 = Debug|Any CPU
		{E8FBEAA6-3DAA-4EE3-B17F-1FCEF7AD84A4}.Debug|x86.ActiveCfg = Debug|Any CPU
		{E8FBEAA6-3DAA-4EE3-B17F-1FCEF7AD84A4}.Debug|x86.Build.0 = Debug|Any CPU
		{E8FBEAA6-3DAA-4EE3-B17F-1FCEF7AD84A4}.Release|Any CPU.ActiveCfg = Release|Any CPU
		{E8FBEAA6-3DAA-4EE3-B17F-1FCEF7AD84A4}.Release|Any CPU.Build.0 = Release|Any CPU
		{E8FBEAA6-3DAA-4EE3-B17F-1FCEF7AD84A4}.Release|ARM.ActiveCfg = Release|Any CPU
		{E8FBEAA6-3DAA-4EE3-B17F-1FCEF7AD84A4}.Release|ARM.Build.0 = Release|Any CPU
		{E8FBEAA6-3DAA-4EE3-B17F-1FCEF7AD84A4}.Release|ARM64.ActiveCfg = Release|Any CPU
		{E8FBEAA6-3DAA-4EE3-B17F-1FCEF7AD84A4}.Release|ARM64.Build.0 = Release|Any CPU
		{E8FBEAA6-3DAA-4EE3-B17F-1FCEF7AD84A4}.Release|iPhone.ActiveCfg = Release|Any CPU
		{E8FBEAA6-3DAA-4EE3-B17F-1FCEF7AD84A4}.Release|iPhone.Build.0 = Release|Any CPU
		{E8FBEAA6-3DAA-4EE3-B17F-1FCEF7AD84A4}.Release|iPhoneSimulator.ActiveCfg = Release|Any CPU
		{E8FBEAA6-3DAA-4EE3-B17F-1FCEF7AD84A4}.Release|iPhoneSimulator.Build.0 = Release|Any CPU
		{E8FBEAA6-3DAA-4EE3-B17F-1FCEF7AD84A4}.Release|x64.ActiveCfg = Release|Any CPU
		{E8FBEAA6-3DAA-4EE3-B17F-1FCEF7AD84A4}.Release|x64.Build.0 = Release|Any CPU
		{E8FBEAA6-3DAA-4EE3-B17F-1FCEF7AD84A4}.Release|x86.ActiveCfg = Release|Any CPU
		{E8FBEAA6-3DAA-4EE3-B17F-1FCEF7AD84A4}.Release|x86.Build.0 = Release|Any CPU
		{AE28D0AE-5660-4215-A73D-D00F06D24BC3}.Ad-Hoc|Any CPU.ActiveCfg = Debug|Any CPU
		{AE28D0AE-5660-4215-A73D-D00F06D24BC3}.Ad-Hoc|Any CPU.Build.0 = Debug|Any CPU
		{AE28D0AE-5660-4215-A73D-D00F06D24BC3}.Ad-Hoc|ARM.ActiveCfg = Debug|Any CPU
		{AE28D0AE-5660-4215-A73D-D00F06D24BC3}.Ad-Hoc|ARM.Build.0 = Debug|Any CPU
		{AE28D0AE-5660-4215-A73D-D00F06D24BC3}.Ad-Hoc|ARM64.ActiveCfg = Debug|Any CPU
		{AE28D0AE-5660-4215-A73D-D00F06D24BC3}.Ad-Hoc|ARM64.Build.0 = Debug|Any CPU
		{AE28D0AE-5660-4215-A73D-D00F06D24BC3}.Ad-Hoc|iPhone.ActiveCfg = Debug|Any CPU
		{AE28D0AE-5660-4215-A73D-D00F06D24BC3}.Ad-Hoc|iPhone.Build.0 = Debug|Any CPU
		{AE28D0AE-5660-4215-A73D-D00F06D24BC3}.Ad-Hoc|iPhoneSimulator.ActiveCfg = Debug|Any CPU
		{AE28D0AE-5660-4215-A73D-D00F06D24BC3}.Ad-Hoc|iPhoneSimulator.Build.0 = Debug|Any CPU
		{AE28D0AE-5660-4215-A73D-D00F06D24BC3}.Ad-Hoc|x64.ActiveCfg = Debug|Any CPU
		{AE28D0AE-5660-4215-A73D-D00F06D24BC3}.Ad-Hoc|x64.Build.0 = Debug|Any CPU
		{AE28D0AE-5660-4215-A73D-D00F06D24BC3}.Ad-Hoc|x86.ActiveCfg = Debug|Any CPU
		{AE28D0AE-5660-4215-A73D-D00F06D24BC3}.Ad-Hoc|x86.Build.0 = Debug|Any CPU
		{AE28D0AE-5660-4215-A73D-D00F06D24BC3}.AppStore|Any CPU.ActiveCfg = Debug|Any CPU
		{AE28D0AE-5660-4215-A73D-D00F06D24BC3}.AppStore|Any CPU.Build.0 = Debug|Any CPU
		{AE28D0AE-5660-4215-A73D-D00F06D24BC3}.AppStore|ARM.ActiveCfg = Debug|Any CPU
		{AE28D0AE-5660-4215-A73D-D00F06D24BC3}.AppStore|ARM.Build.0 = Debug|Any CPU
		{AE28D0AE-5660-4215-A73D-D00F06D24BC3}.AppStore|ARM64.ActiveCfg = Debug|Any CPU
		{AE28D0AE-5660-4215-A73D-D00F06D24BC3}.AppStore|ARM64.Build.0 = Debug|Any CPU
		{AE28D0AE-5660-4215-A73D-D00F06D24BC3}.AppStore|iPhone.ActiveCfg = Debug|Any CPU
		{AE28D0AE-5660-4215-A73D-D00F06D24BC3}.AppStore|iPhone.Build.0 = Debug|Any CPU
		{AE28D0AE-5660-4215-A73D-D00F06D24BC3}.AppStore|iPhoneSimulator.ActiveCfg = Debug|Any CPU
		{AE28D0AE-5660-4215-A73D-D00F06D24BC3}.AppStore|iPhoneSimulator.Build.0 = Debug|Any CPU
		{AE28D0AE-5660-4215-A73D-D00F06D24BC3}.AppStore|x64.ActiveCfg = Debug|Any CPU
		{AE28D0AE-5660-4215-A73D-D00F06D24BC3}.AppStore|x64.Build.0 = Debug|Any CPU
		{AE28D0AE-5660-4215-A73D-D00F06D24BC3}.AppStore|x86.ActiveCfg = Debug|Any CPU
		{AE28D0AE-5660-4215-A73D-D00F06D24BC3}.AppStore|x86.Build.0 = Debug|Any CPU
		{AE28D0AE-5660-4215-A73D-D00F06D24BC3}.Debug|Any CPU.ActiveCfg = Debug|Any CPU
		{AE28D0AE-5660-4215-A73D-D00F06D24BC3}.Debug|Any CPU.Build.0 = Debug|Any CPU
		{AE28D0AE-5660-4215-A73D-D00F06D24BC3}.Debug|ARM.ActiveCfg = Debug|Any CPU
		{AE28D0AE-5660-4215-A73D-D00F06D24BC3}.Debug|ARM.Build.0 = Debug|Any CPU
		{AE28D0AE-5660-4215-A73D-D00F06D24BC3}.Debug|ARM64.ActiveCfg = Debug|Any CPU
		{AE28D0AE-5660-4215-A73D-D00F06D24BC3}.Debug|ARM64.Build.0 = Debug|Any CPU
		{AE28D0AE-5660-4215-A73D-D00F06D24BC3}.Debug|iPhone.ActiveCfg = Debug|Any CPU
		{AE28D0AE-5660-4215-A73D-D00F06D24BC3}.Debug|iPhone.Build.0 = Debug|Any CPU
		{AE28D0AE-5660-4215-A73D-D00F06D24BC3}.Debug|iPhoneSimulator.ActiveCfg = Debug|Any CPU
		{AE28D0AE-5660-4215-A73D-D00F06D24BC3}.Debug|iPhoneSimulator.Build.0 = Debug|Any CPU
		{AE28D0AE-5660-4215-A73D-D00F06D24BC3}.Debug|x64.ActiveCfg = Debug|Any CPU
		{AE28D0AE-5660-4215-A73D-D00F06D24BC3}.Debug|x64.Build.0 = Debug|Any CPU
		{AE28D0AE-5660-4215-A73D-D00F06D24BC3}.Debug|x86.ActiveCfg = Debug|Any CPU
		{AE28D0AE-5660-4215-A73D-D00F06D24BC3}.Debug|x86.Build.0 = Debug|Any CPU
		{AE28D0AE-5660-4215-A73D-D00F06D24BC3}.Release|Any CPU.ActiveCfg = Release|Any CPU
		{AE28D0AE-5660-4215-A73D-D00F06D24BC3}.Release|Any CPU.Build.0 = Release|Any CPU
		{AE28D0AE-5660-4215-A73D-D00F06D24BC3}.Release|ARM.ActiveCfg = Release|Any CPU
		{AE28D0AE-5660-4215-A73D-D00F06D24BC3}.Release|ARM.Build.0 = Release|Any CPU
		{AE28D0AE-5660-4215-A73D-D00F06D24BC3}.Release|ARM64.ActiveCfg = Release|Any CPU
		{AE28D0AE-5660-4215-A73D-D00F06D24BC3}.Release|ARM64.Build.0 = Release|Any CPU
		{AE28D0AE-5660-4215-A73D-D00F06D24BC3}.Release|iPhone.ActiveCfg = Release|Any CPU
		{AE28D0AE-5660-4215-A73D-D00F06D24BC3}.Release|iPhone.Build.0 = Release|Any CPU
		{AE28D0AE-5660-4215-A73D-D00F06D24BC3}.Release|iPhoneSimulator.ActiveCfg = Release|Any CPU
		{AE28D0AE-5660-4215-A73D-D00F06D24BC3}.Release|iPhoneSimulator.Build.0 = Release|Any CPU
		{AE28D0AE-5660-4215-A73D-D00F06D24BC3}.Release|x64.ActiveCfg = Release|Any CPU
		{AE28D0AE-5660-4215-A73D-D00F06D24BC3}.Release|x64.Build.0 = Release|Any CPU
		{AE28D0AE-5660-4215-A73D-D00F06D24BC3}.Release|x86.ActiveCfg = Release|Any CPU
		{AE28D0AE-5660-4215-A73D-D00F06D24BC3}.Release|x86.Build.0 = Release|Any CPU
		{D9A70E31-2D14-4E70-B31E-E9211645A392}.Ad-Hoc|Any CPU.ActiveCfg = Debug|Any CPU
		{D9A70E31-2D14-4E70-B31E-E9211645A392}.Ad-Hoc|Any CPU.Build.0 = Debug|Any CPU
		{D9A70E31-2D14-4E70-B31E-E9211645A392}.Ad-Hoc|ARM.ActiveCfg = Debug|Any CPU
		{D9A70E31-2D14-4E70-B31E-E9211645A392}.Ad-Hoc|ARM.Build.0 = Debug|Any CPU
		{D9A70E31-2D14-4E70-B31E-E9211645A392}.Ad-Hoc|ARM64.ActiveCfg = Debug|Any CPU
		{D9A70E31-2D14-4E70-B31E-E9211645A392}.Ad-Hoc|ARM64.Build.0 = Debug|Any CPU
		{D9A70E31-2D14-4E70-B31E-E9211645A392}.Ad-Hoc|iPhone.ActiveCfg = Debug|Any CPU
		{D9A70E31-2D14-4E70-B31E-E9211645A392}.Ad-Hoc|iPhone.Build.0 = Debug|Any CPU
		{D9A70E31-2D14-4E70-B31E-E9211645A392}.Ad-Hoc|iPhoneSimulator.ActiveCfg = Debug|Any CPU
		{D9A70E31-2D14-4E70-B31E-E9211645A392}.Ad-Hoc|iPhoneSimulator.Build.0 = Debug|Any CPU
		{D9A70E31-2D14-4E70-B31E-E9211645A392}.Ad-Hoc|x64.ActiveCfg = Debug|Any CPU
		{D9A70E31-2D14-4E70-B31E-E9211645A392}.Ad-Hoc|x64.Build.0 = Debug|Any CPU
		{D9A70E31-2D14-4E70-B31E-E9211645A392}.Ad-Hoc|x86.ActiveCfg = Debug|Any CPU
		{D9A70E31-2D14-4E70-B31E-E9211645A392}.Ad-Hoc|x86.Build.0 = Debug|Any CPU
		{D9A70E31-2D14-4E70-B31E-E9211645A392}.AppStore|Any CPU.ActiveCfg = Debug|Any CPU
		{D9A70E31-2D14-4E70-B31E-E9211645A392}.AppStore|Any CPU.Build.0 = Debug|Any CPU
		{D9A70E31-2D14-4E70-B31E-E9211645A392}.AppStore|ARM.ActiveCfg = Debug|Any CPU
		{D9A70E31-2D14-4E70-B31E-E9211645A392}.AppStore|ARM.Build.0 = Debug|Any CPU
		{D9A70E31-2D14-4E70-B31E-E9211645A392}.AppStore|ARM64.ActiveCfg = Debug|Any CPU
		{D9A70E31-2D14-4E70-B31E-E9211645A392}.AppStore|ARM64.Build.0 = Debug|Any CPU
		{D9A70E31-2D14-4E70-B31E-E9211645A392}.AppStore|iPhone.ActiveCfg = Debug|Any CPU
		{D9A70E31-2D14-4E70-B31E-E9211645A392}.AppStore|iPhone.Build.0 = Debug|Any CPU
		{D9A70E31-2D14-4E70-B31E-E9211645A392}.AppStore|iPhoneSimulator.ActiveCfg = Debug|Any CPU
		{D9A70E31-2D14-4E70-B31E-E9211645A392}.AppStore|iPhoneSimulator.Build.0 = Debug|Any CPU
		{D9A70E31-2D14-4E70-B31E-E9211645A392}.AppStore|x64.ActiveCfg = Debug|Any CPU
		{D9A70E31-2D14-4E70-B31E-E9211645A392}.AppStore|x64.Build.0 = Debug|Any CPU
		{D9A70E31-2D14-4E70-B31E-E9211645A392}.AppStore|x86.ActiveCfg = Debug|Any CPU
		{D9A70E31-2D14-4E70-B31E-E9211645A392}.AppStore|x86.Build.0 = Debug|Any CPU
		{D9A70E31-2D14-4E70-B31E-E9211645A392}.Debug|Any CPU.ActiveCfg = Debug|Any CPU
		{D9A70E31-2D14-4E70-B31E-E9211645A392}.Debug|Any CPU.Build.0 = Debug|Any CPU
		{D9A70E31-2D14-4E70-B31E-E9211645A392}.Debug|ARM.ActiveCfg = Debug|Any CPU
		{D9A70E31-2D14-4E70-B31E-E9211645A392}.Debug|ARM.Build.0 = Debug|Any CPU
		{D9A70E31-2D14-4E70-B31E-E9211645A392}.Debug|ARM64.ActiveCfg = Debug|Any CPU
		{D9A70E31-2D14-4E70-B31E-E9211645A392}.Debug|ARM64.Build.0 = Debug|Any CPU
		{D9A70E31-2D14-4E70-B31E-E9211645A392}.Debug|iPhone.ActiveCfg = Debug|Any CPU
		{D9A70E31-2D14-4E70-B31E-E9211645A392}.Debug|iPhone.Build.0 = Debug|Any CPU
		{D9A70E31-2D14-4E70-B31E-E9211645A392}.Debug|iPhoneSimulator.ActiveCfg = Debug|Any CPU
		{D9A70E31-2D14-4E70-B31E-E9211645A392}.Debug|iPhoneSimulator.Build.0 = Debug|Any CPU
		{D9A70E31-2D14-4E70-B31E-E9211645A392}.Debug|x64.ActiveCfg = Debug|Any CPU
		{D9A70E31-2D14-4E70-B31E-E9211645A392}.Debug|x64.Build.0 = Debug|Any CPU
		{D9A70E31-2D14-4E70-B31E-E9211645A392}.Debug|x86.ActiveCfg = Debug|Any CPU
		{D9A70E31-2D14-4E70-B31E-E9211645A392}.Debug|x86.Build.0 = Debug|Any CPU
		{D9A70E31-2D14-4E70-B31E-E9211645A392}.Release|Any CPU.ActiveCfg = Release|Any CPU
		{D9A70E31-2D14-4E70-B31E-E9211645A392}.Release|Any CPU.Build.0 = Release|Any CPU
		{D9A70E31-2D14-4E70-B31E-E9211645A392}.Release|ARM.ActiveCfg = Release|Any CPU
		{D9A70E31-2D14-4E70-B31E-E9211645A392}.Release|ARM.Build.0 = Release|Any CPU
		{D9A70E31-2D14-4E70-B31E-E9211645A392}.Release|ARM64.ActiveCfg = Release|Any CPU
		{D9A70E31-2D14-4E70-B31E-E9211645A392}.Release|ARM64.Build.0 = Release|Any CPU
		{D9A70E31-2D14-4E70-B31E-E9211645A392}.Release|iPhone.ActiveCfg = Release|Any CPU
		{D9A70E31-2D14-4E70-B31E-E9211645A392}.Release|iPhone.Build.0 = Release|Any CPU
		{D9A70E31-2D14-4E70-B31E-E9211645A392}.Release|iPhoneSimulator.ActiveCfg = Release|Any CPU
		{D9A70E31-2D14-4E70-B31E-E9211645A392}.Release|iPhoneSimulator.Build.0 = Release|Any CPU
		{D9A70E31-2D14-4E70-B31E-E9211645A392}.Release|x64.ActiveCfg = Release|Any CPU
		{D9A70E31-2D14-4E70-B31E-E9211645A392}.Release|x64.Build.0 = Release|Any CPU
		{D9A70E31-2D14-4E70-B31E-E9211645A392}.Release|x86.ActiveCfg = Release|Any CPU
		{D9A70E31-2D14-4E70-B31E-E9211645A392}.Release|x86.Build.0 = Release|Any CPU
	EndGlobalSection
	GlobalSection(SolutionProperties) = preSolution
		HideSolutionNode = FALSE
	EndGlobalSection
	GlobalSection(NestedProjects) = preSolution
		{A786A968-C1E4-4857-B7BA-3251B48ED2A4} = {76BC5871-66D1-4CE8-BF61-B40020BE35F3}
		{DE59478D-F8BC-4206-AB62-19A1FC1F9B71} = {76BC5871-66D1-4CE8-BF61-B40020BE35F3}
		{C38FB5C6-4B37-4038-A42F-CA0A36897266} = {76BC5871-66D1-4CE8-BF61-B40020BE35F3}
		{B18381C5-3FEE-4B53-94CD-39198A83A61A} = {76BC5871-66D1-4CE8-BF61-B40020BE35F3}
		{0889F86F-26A6-43EF-89AC-3962D55C800B} = {76BC5871-66D1-4CE8-BF61-B40020BE35F3}
		{0F9B4540-9056-4B47-9CF8-EEE92CC30474} = {76BC5871-66D1-4CE8-BF61-B40020BE35F3}
		{E8FBEAA6-3DAA-4EE3-B17F-1FCEF7AD84A4} = {76BC5871-66D1-4CE8-BF61-B40020BE35F3}
		{AE28D0AE-5660-4215-A73D-D00F06D24BC3} = {76BC5871-66D1-4CE8-BF61-B40020BE35F3}
		{D9A70E31-2D14-4E70-B31E-E9211645A392} = {A08C7A03-7424-4B22-95AC-8C1C99766ED4}
	EndGlobalSection
	GlobalSection(ExtensibilityGlobals) = postSolution
		SolutionGuid = {748A2243-6806-47CC-BAE9-C92E0C742B55}
	EndGlobalSection
EndGlobal
